<?xml version="1.0" encoding="utf-8"?>
<Project ToolsVersion="4.0" xmlns="http://schemas.microsoft.com/developer/msbuild/2003">
  <ItemGroup>
    <Filter Include="include">
      <UniqueIdentifier>{0FEB36D4-DED9-B510-4A82-8CE6435F7E81}</UniqueIdentifier>
    </Filter>
    <Filter Include="include\PPMalloc">
      <UniqueIdentifier>{E2ED1E0A-3C15-177F-2678-CCF328087B87}</UniqueIdentifier>
    </Filter>
    <Filter Include="include\PPMalloc\internal">
      <UniqueIdentifier>{6795BF18-2506-BE8B-FDD9-2992E83473D6}</UniqueIdentifier>
    </Filter>
    <Filter Include="source">
      <UniqueIdentifier>{F438CD36-9A9B-08FA-222C-0DC9EBFE35EB}</UniqueIdentifier>
    </Filter>
    <Filter Include="source\cmn">
      <UniqueIdentifier>{3F66983D-C68A-B0B8-5868-DD46F143E4CB}</UniqueIdentifier>
    </Filter>
  </ItemGroup>
  <ItemGroup>
    <ClInclude Include="C:\work\15.1.1.1.0\EAWebKitSupportPackages\PPMallocEAWebKit\local-01\include\PPMalloc\EAStackAllocator.h">
      <Filter>include\PPMalloc</Filter>
    </ClInclude>
    <ClInclude Include="C:\work\15.1.1.1.0\EAWebKitSupportPackages\PPMallocEAWebKit\local-01\include\PPMalloc\internal\config.h">
      <Filter>include\PPMalloc\internal</Filter>
    </ClInclude>
    <ClInclude Include="C:\work\15.1.1.1.0\EAWebKitSupportPackages\PPMallocEAWebKit\local-01\include\PPMalloc\internal\dllinfo.h">
      <Filter>include\PPMalloc\internal</Filter>
    </ClInclude>
  </ItemGroup>
  <ItemGroup>
    <ClCompile Include="C:\work\15.1.1.1.0\EAWebKitSupportPackages\PPMallocEAWebKit\local-01\source\cmn\EAStackAllocator.cpp">
      <Filter>source\cmn</Filter>
    </ClCompile>
  </ItemGroup>
</Project>