<?xml version="1.0" encoding="utf-8"?>
<Project ToolsVersion="15.0" xmlns="http://schemas.microsoft.com/developer/msbuild/2003">
  <ItemGroup>
    <Filter Include="EABase">
      <UniqueIdentifier>{616312F7-3D52-8788-1611-B1F9DB83B8A7}</UniqueIdentifier>
    </Filter>
    <Filter Include="EABase\config">
      <UniqueIdentifier>{22C40EC7-48BA-BBA5-5557-58AE62E56145}</UniqueIdentifier>
    </Filter>
  </ItemGroup>
  <ItemGroup>
    <ClInclude Include="..\..\..\..\EAWebKitSupportPackages\EABase\local_2.10.01\include\Common\EABase\config\eacompiler.h">
      <Filter>EABase\config</Filter>
    </ClInclude>
    <ClInclude Include="..\..\..\..\EAWebKitSupportPackages\EABase\local_2.10.01\include\Common\EABase\config\eacompilertraits.h">
      <Filter>EABase\config</Filter>
    </ClInclude>
    <ClInclude Include="..\..\..\..\EAWebKitSupportPackages\EABase\local_2.10.01\include\Common\EABase\config\eaplatform.h">
      <Filter>EABase\config</Filter>
    </ClInclude>
    <ClInclude Include="..\..\..\..\EAWebKitSupportPackages\EABase\local_2.10.01\include\Common\EABase\eabase.h">
      <Filter>EABase</Filter>
    </ClInclude>
    <ClInclude Include="..\..\..\..\EAWebKitSupportPackages\EABase\local_2.10.01\include\Common\EABase\eadeprecated.h">
      <Filter>EABase</Filter>
    </ClInclude>
    <ClInclude Include="..\..\..\..\EAWebKitSupportPackages\EABase\local_2.10.01\include\Common\EABase\eahave.h">
      <Filter>EABase</Filter>
    </ClInclude>
    <ClInclude Include="..\..\..\..\EAWebKitSupportPackages\EABase\local_2.10.01\include\Common\EABase\earesult.h">
      <Filter>EABase</Filter>
    </ClInclude>
    <ClInclude Include="..\..\..\..\EAWebKitSupportPackages\EABase\local_2.10.01\include\Common\EABase\eastdarg.h">
      <Filter>EABase</Filter>
    </ClInclude>
    <ClInclude Include="..\..\..\..\EAWebKitSupportPackages\EABase\local_2.10.01\include\Common\EABase\eaunits.h">
      <Filter>EABase</Filter>
    </ClInclude>
    <ClInclude Include="..\..\..\..\EAWebKitSupportPackages\EABase\local_2.10.01\include\Common\EABase\int128.h">
      <Filter>EABase</Filter>
    </ClInclude>
    <ClInclude Include="..\..\..\..\EAWebKitSupportPackages\EABase\local_2.10.01\include\Common\EABase\nullptr.h">
      <Filter>EABase</Filter>
    </ClInclude>
    <ClInclude Include="..\..\..\..\EAWebKitSupportPackages\EABase\local_2.10.01\include\Common\EABase\version.h">
      <Filter>EABase</Filter>
    </ClInclude>
  </ItemGroup>
</Project>