<?xml version="1.0" encoding="utf-8"?>
<Project ToolsVersion="4.0" xmlns="http://schemas.microsoft.com/developer/msbuild/2003">
  <ItemGroup>
    <Filter Include="include">
      <UniqueIdentifier>{0FEB36D4-DED9-B510-4A82-8CE6435F7E81}</UniqueIdentifier>
    </Filter>
    <Filter Include="source">
      <UniqueIdentifier>{F438CD36-9A9B-08FA-222C-0DC9EBFE35EB}</UniqueIdentifier>
    </Filter>
  </ItemGroup>
  <ItemGroup>
    <ClInclude Include="C:\work\15.1.1.1.0\EAWebKitSupportPackages\libjpegEAWebKit\local-1.00.06-01\include\jconfig.h">
      <Filter>include</Filter>
    </ClInclude>
    <ClInclude Include="C:\work\15.1.1.1.0\EAWebKitSupportPackages\libjpegEAWebKit\local-1.00.06-01\include\jerror.h">
      <Filter>include</Filter>
    </ClInclude>
    <ClInclude Include="C:\work\15.1.1.1.0\EAWebKitSupportPackages\libjpegEAWebKit\local-1.00.06-01\include\jmemsys.h">
      <Filter>include</Filter>
    </ClInclude>
    <ClInclude Include="C:\work\15.1.1.1.0\EAWebKitSupportPackages\libjpegEAWebKit\local-1.00.06-01\include\jmorecfg.h">
      <Filter>include</Filter>
    </ClInclude>
    <ClInclude Include="C:\work\15.1.1.1.0\EAWebKitSupportPackages\libjpegEAWebKit\local-1.00.06-01\include\jpeglib.h">
      <Filter>include</Filter>
    </ClInclude>
    <ClInclude Include="C:\work\15.1.1.1.0\EAWebKitSupportPackages\libjpegEAWebKit\local-1.00.06-01\include\jsupport_ea.h">
      <Filter>include</Filter>
    </ClInclude>
  </ItemGroup>
  <ItemGroup>
    <ClCompile Include="C:\work\15.1.1.1.0\EAWebKitSupportPackages\libjpegEAWebKit\local-1.00.06-01\source\jcapimin.c">
      <Filter>source</Filter>
    </ClCompile>
    <ClCompile Include="C:\work\15.1.1.1.0\EAWebKitSupportPackages\libjpegEAWebKit\local-1.00.06-01\source\jcapistd.c">
      <Filter>source</Filter>
    </ClCompile>
    <ClCompile Include="C:\work\15.1.1.1.0\EAWebKitSupportPackages\libjpegEAWebKit\local-1.00.06-01\source\jccoefct.c">
      <Filter>source</Filter>
    </ClCompile>
    <ClCompile Include="C:\work\15.1.1.1.0\EAWebKitSupportPackages\libjpegEAWebKit\local-1.00.06-01\source\jccolor.c">
      <Filter>source</Filter>
    </ClCompile>
    <ClCompile Include="C:\work\15.1.1.1.0\EAWebKitSupportPackages\libjpegEAWebKit\local-1.00.06-01\source\jcdctmgr.c">
      <Filter>source</Filter>
    </ClCompile>
    <ClCompile Include="C:\work\15.1.1.1.0\EAWebKitSupportPackages\libjpegEAWebKit\local-1.00.06-01\source\jchuff.c">
      <Filter>source</Filter>
    </ClCompile>
    <ClCompile Include="C:\work\15.1.1.1.0\EAWebKitSupportPackages\libjpegEAWebKit\local-1.00.06-01\source\jcinit.c">
      <Filter>source</Filter>
    </ClCompile>
    <ClCompile Include="C:\work\15.1.1.1.0\EAWebKitSupportPackages\libjpegEAWebKit\local-1.00.06-01\source\jcmainct.c">
      <Filter>source</Filter>
    </ClCompile>
    <ClCompile Include="C:\work\15.1.1.1.0\EAWebKitSupportPackages\libjpegEAWebKit\local-1.00.06-01\source\jcmarker.c">
      <Filter>source</Filter>
    </ClCompile>
    <ClCompile Include="C:\work\15.1.1.1.0\EAWebKitSupportPackages\libjpegEAWebKit\local-1.00.06-01\source\jcmaster.c">
      <Filter>source</Filter>
    </ClCompile>
    <ClCompile Include="C:\work\15.1.1.1.0\EAWebKitSupportPackages\libjpegEAWebKit\local-1.00.06-01\source\jcomapi.c">
      <Filter>source</Filter>
    </ClCompile>
    <ClCompile Include="C:\work\15.1.1.1.0\EAWebKitSupportPackages\libjpegEAWebKit\local-1.00.06-01\source\jcparam.c">
      <Filter>source</Filter>
    </ClCompile>
    <ClCompile Include="C:\work\15.1.1.1.0\EAWebKitSupportPackages\libjpegEAWebKit\local-1.00.06-01\source\jcphuff.c">
      <Filter>source</Filter>
    </ClCompile>
    <ClCompile Include="C:\work\15.1.1.1.0\EAWebKitSupportPackages\libjpegEAWebKit\local-1.00.06-01\source\jcprepct.c">
      <Filter>source</Filter>
    </ClCompile>
    <ClCompile Include="C:\work\15.1.1.1.0\EAWebKitSupportPackages\libjpegEAWebKit\local-1.00.06-01\source\jcsample.c">
      <Filter>source</Filter>
    </ClCompile>
    <ClCompile Include="C:\work\15.1.1.1.0\EAWebKitSupportPackages\libjpegEAWebKit\local-1.00.06-01\source\jctrans.c">
      <Filter>source</Filter>
    </ClCompile>
    <ClCompile Include="C:\work\15.1.1.1.0\EAWebKitSupportPackages\libjpegEAWebKit\local-1.00.06-01\source\jdapimin.c">
      <Filter>source</Filter>
    </ClCompile>
    <ClCompile Include="C:\work\15.1.1.1.0\EAWebKitSupportPackages\libjpegEAWebKit\local-1.00.06-01\source\jdapistd.c">
      <Filter>source</Filter>
    </ClCompile>
    <ClCompile Include="C:\work\15.1.1.1.0\EAWebKitSupportPackages\libjpegEAWebKit\local-1.00.06-01\source\jdatadst.c">
      <Filter>source</Filter>
    </ClCompile>
    <ClCompile Include="C:\work\15.1.1.1.0\EAWebKitSupportPackages\libjpegEAWebKit\local-1.00.06-01\source\jdatasrc.c">
      <Filter>source</Filter>
    </ClCompile>
    <ClCompile Include="C:\work\15.1.1.1.0\EAWebKitSupportPackages\libjpegEAWebKit\local-1.00.06-01\source\jdcoefct.c">
      <Filter>source</Filter>
    </ClCompile>
    <ClCompile Include="C:\work\15.1.1.1.0\EAWebKitSupportPackages\libjpegEAWebKit\local-1.00.06-01\source\jdcolor.c">
      <Filter>source</Filter>
    </ClCompile>
    <ClCompile Include="C:\work\15.1.1.1.0\EAWebKitSupportPackages\libjpegEAWebKit\local-1.00.06-01\source\jddctmgr.c">
      <Filter>source</Filter>
    </ClCompile>
    <ClCompile Include="C:\work\15.1.1.1.0\EAWebKitSupportPackages\libjpegEAWebKit\local-1.00.06-01\source\jdhuff.c">
      <Filter>source</Filter>
    </ClCompile>
    <ClCompile Include="C:\work\15.1.1.1.0\EAWebKitSupportPackages\libjpegEAWebKit\local-1.00.06-01\source\jdinput.c">
      <Filter>source</Filter>
    </ClCompile>
    <ClCompile Include="C:\work\15.1.1.1.0\EAWebKitSupportPackages\libjpegEAWebKit\local-1.00.06-01\source\jdmainct.c">
      <Filter>source</Filter>
    </ClCompile>
    <ClCompile Include="C:\work\15.1.1.1.0\EAWebKitSupportPackages\libjpegEAWebKit\local-1.00.06-01\source\jdmarker.c">
      <Filter>source</Filter>
    </ClCompile>
    <ClCompile Include="C:\work\15.1.1.1.0\EAWebKitSupportPackages\libjpegEAWebKit\local-1.00.06-01\source\jdmaster.c">
      <Filter>source</Filter>
    </ClCompile>
    <ClCompile Include="C:\work\15.1.1.1.0\EAWebKitSupportPackages\libjpegEAWebKit\local-1.00.06-01\source\jdmerge.c">
      <Filter>source</Filter>
    </ClCompile>
    <ClCompile Include="C:\work\15.1.1.1.0\EAWebKitSupportPackages\libjpegEAWebKit\local-1.00.06-01\source\jdphuff.c">
      <Filter>source</Filter>
    </ClCompile>
    <ClCompile Include="C:\work\15.1.1.1.0\EAWebKitSupportPackages\libjpegEAWebKit\local-1.00.06-01\source\jdpostct.c">
      <Filter>source</Filter>
    </ClCompile>
    <ClCompile Include="C:\work\15.1.1.1.0\EAWebKitSupportPackages\libjpegEAWebKit\local-1.00.06-01\source\jdsample.c">
      <Filter>source</Filter>
    </ClCompile>
    <ClCompile Include="C:\work\15.1.1.1.0\EAWebKitSupportPackages\libjpegEAWebKit\local-1.00.06-01\source\jdtrans.c">
      <Filter>source</Filter>
    </ClCompile>
    <ClCompile Include="C:\work\15.1.1.1.0\EAWebKitSupportPackages\libjpegEAWebKit\local-1.00.06-01\source\jerror.c">
      <Filter>source</Filter>
    </ClCompile>
    <ClCompile Include="C:\work\15.1.1.1.0\EAWebKitSupportPackages\libjpegEAWebKit\local-1.00.06-01\source\jfdctflt.c">
      <Filter>source</Filter>
    </ClCompile>
    <ClCompile Include="C:\work\15.1.1.1.0\EAWebKitSupportPackages\libjpegEAWebKit\local-1.00.06-01\source\jfdctfst.c">
      <Filter>source</Filter>
    </ClCompile>
    <ClCompile Include="C:\work\15.1.1.1.0\EAWebKitSupportPackages\libjpegEAWebKit\local-1.00.06-01\source\jfdctint.c">
      <Filter>source</Filter>
    </ClCompile>
    <ClCompile Include="C:\work\15.1.1.1.0\EAWebKitSupportPackages\libjpegEAWebKit\local-1.00.06-01\source\jidctflt.c">
      <Filter>source</Filter>
    </ClCompile>
    <ClCompile Include="C:\work\15.1.1.1.0\EAWebKitSupportPackages\libjpegEAWebKit\local-1.00.06-01\source\jidctfst.c">
      <Filter>source</Filter>
    </ClCompile>
    <ClCompile Include="C:\work\15.1.1.1.0\EAWebKitSupportPackages\libjpegEAWebKit\local-1.00.06-01\source\jidctint.c">
      <Filter>source</Filter>
    </ClCompile>
    <ClCompile Include="C:\work\15.1.1.1.0\EAWebKitSupportPackages\libjpegEAWebKit\local-1.00.06-01\source\jidctred.c">
      <Filter>source</Filter>
    </ClCompile>
    <ClCompile Include="C:\work\15.1.1.1.0\EAWebKitSupportPackages\libjpegEAWebKit\local-1.00.06-01\source\jmemmgr.c">
      <Filter>source</Filter>
    </ClCompile>
    <ClCompile Include="C:\work\15.1.1.1.0\EAWebKitSupportPackages\libjpegEAWebKit\local-1.00.06-01\source\jquant1.c">
      <Filter>source</Filter>
    </ClCompile>
    <ClCompile Include="C:\work\15.1.1.1.0\EAWebKitSupportPackages\libjpegEAWebKit\local-1.00.06-01\source\jquant2.c">
      <Filter>source</Filter>
    </ClCompile>
    <ClCompile Include="C:\work\15.1.1.1.0\EAWebKitSupportPackages\libjpegEAWebKit\local-1.00.06-01\source\jsupport_ea.c">
      <Filter>source</Filter>
    </ClCompile>
    <ClCompile Include="C:\work\15.1.1.1.0\EAWebKitSupportPackages\libjpegEAWebKit\local-1.00.06-01\source\jutils.c">
      <Filter>source</Filter>
    </ClCompile>
  </ItemGroup>
</Project>