<?xml version="1.0" encoding="utf-8"?>
<Project ToolsVersion="4.0" xmlns="http://schemas.microsoft.com/developer/msbuild/2003">
  <ItemGroup>
    <Filter Include="autofit">
      <UniqueIdentifier>{DBD66814-61BA-F8CB-0733-3754BD141344}</UniqueIdentifier>
    </Filter>
    <Filter Include="base">
      <UniqueIdentifier>{DE163659-3315-0F0C-B2D5-5E55410BF994}</UniqueIdentifier>
    </Filter>
    <Filter Include="bdf">
      <UniqueIdentifier>{07E85F86-0EBB-FFD8-BA5F-CFD7C12269F5}</UniqueIdentifier>
    </Filter>
    <Filter Include="cache">
      <UniqueIdentifier>{136AEA0F-2BC5-474D-2536-8F24B045CA84}</UniqueIdentifier>
    </Filter>
    <Filter Include="cff">
      <UniqueIdentifier>{6ABEF9DB-AB30-1F42-18E7-C8B89C1BAF09}</UniqueIdentifier>
    </Filter>
    <Filter Include="cid">
      <UniqueIdentifier>{69C57C4B-D34D-65A2-BAC3-26EABA31266E}</UniqueIdentifier>
    </Filter>
    <Filter Include="gzip">
      <UniqueIdentifier>{BAAD9C74-2E7B-D4D8-A2AA-A91A9CB1896C}</UniqueIdentifier>
    </Filter>
    <Filter Include="lzw">
      <UniqueIdentifier>{DC0E1CF9-8C01-ABCC-7E52-4C099990550D}</UniqueIdentifier>
    </Filter>
    <Filter Include="pcf">
      <UniqueIdentifier>{DBB77622-8010-2287-841B-14D30965ADA6}</UniqueIdentifier>
    </Filter>
    <Filter Include="pfr">
      <UniqueIdentifier>{91291F2E-8C67-BABD-01D0-412A95049341}</UniqueIdentifier>
    </Filter>
    <Filter Include="psaux">
      <UniqueIdentifier>{F9F185C8-A350-167E-C6FB-A9C799F5930A}</UniqueIdentifier>
    </Filter>
    <Filter Include="pshinter">
      <UniqueIdentifier>{3226BE16-09E5-3373-078A-3C483797D1A5}</UniqueIdentifier>
    </Filter>
    <Filter Include="psnames">
      <UniqueIdentifier>{A038E1DB-9B3E-872A-4AB9-1A2EC923512E}</UniqueIdentifier>
    </Filter>
    <Filter Include="raster">
      <UniqueIdentifier>{1A514B5C-703D-2EA4-A3D7-A7C632160381}</UniqueIdentifier>
    </Filter>
    <Filter Include="sfnt">
      <UniqueIdentifier>{DEF61320-6F84-1936-A7FF-E4723C5ECB2F}</UniqueIdentifier>
    </Filter>
    <Filter Include="smooth">
      <UniqueIdentifier>{C87C88A7-CF09-4D0D-F17F-C5DAFD03E4E7}</UniqueIdentifier>
    </Filter>
    <Filter Include="truetype">
      <UniqueIdentifier>{8C53677F-EC52-2BD8-A144-85D37E744B53}</UniqueIdentifier>
    </Filter>
    <Filter Include="type1">
      <UniqueIdentifier>{2AE45631-46B2-B804-DE92-A93ED761532D}</UniqueIdentifier>
    </Filter>
    <Filter Include="type42">
      <UniqueIdentifier>{693D9BD7-7F11-8CAA-5DBF-25AC569FD76C}</UniqueIdentifier>
    </Filter>
    <Filter Include="winfonts">
      <UniqueIdentifier>{8D8B338E-D181-35DB-1E0F-B2772EF8688D}</UniqueIdentifier>
    </Filter>
  </ItemGroup>
  <ItemGroup>
    <ClCompile Include="C:\work\15.1.1.1.0\EAWebKitSupportPackages\FreeTypeEAWebKit\local-2.4.8.02-01\freetype-2.4.8\src\autofit\autofit.c">
      <Filter>autofit</Filter>
    </ClCompile>
    <ClCompile Include="C:\work\15.1.1.1.0\EAWebKitSupportPackages\FreeTypeEAWebKit\local-2.4.8.02-01\freetype-2.4.8\src\base\ftbase.c">
      <Filter>base</Filter>
    </ClCompile>
    <ClCompile Include="C:\work\15.1.1.1.0\EAWebKitSupportPackages\FreeTypeEAWebKit\local-2.4.8.02-01\freetype-2.4.8\src\base\ftbbox.c">
      <Filter>base</Filter>
    </ClCompile>
    <ClCompile Include="C:\work\15.1.1.1.0\EAWebKitSupportPackages\FreeTypeEAWebKit\local-2.4.8.02-01\freetype-2.4.8\src\base\ftbitmap.c">
      <Filter>base</Filter>
    </ClCompile>
    <ClCompile Include="C:\work\15.1.1.1.0\EAWebKitSupportPackages\FreeTypeEAWebKit\local-2.4.8.02-01\freetype-2.4.8\src\base\ftdebug.c">
      <Filter>base</Filter>
    </ClCompile>
    <ClCompile Include="C:\work\15.1.1.1.0\EAWebKitSupportPackages\FreeTypeEAWebKit\local-2.4.8.02-01\freetype-2.4.8\src\base\ftfstype.c">
      <Filter>base</Filter>
    </ClCompile>
    <ClCompile Include="C:\work\15.1.1.1.0\EAWebKitSupportPackages\FreeTypeEAWebKit\local-2.4.8.02-01\freetype-2.4.8\src\base\ftgasp.c">
      <Filter>base</Filter>
    </ClCompile>
    <ClCompile Include="C:\work\15.1.1.1.0\EAWebKitSupportPackages\FreeTypeEAWebKit\local-2.4.8.02-01\freetype-2.4.8\src\base\ftglyph.c">
      <Filter>base</Filter>
    </ClCompile>
    <ClCompile Include="C:\work\15.1.1.1.0\EAWebKitSupportPackages\FreeTypeEAWebKit\local-2.4.8.02-01\freetype-2.4.8\src\base\ftinit.c">
      <Filter>base</Filter>
    </ClCompile>
    <ClCompile Include="C:\work\15.1.1.1.0\EAWebKitSupportPackages\FreeTypeEAWebKit\local-2.4.8.02-01\freetype-2.4.8\src\base\ftmm.c">
      <Filter>base</Filter>
    </ClCompile>
    <ClCompile Include="C:\work\15.1.1.1.0\EAWebKitSupportPackages\FreeTypeEAWebKit\local-2.4.8.02-01\freetype-2.4.8\src\base\ftpfr.c">
      <Filter>base</Filter>
    </ClCompile>
    <ClCompile Include="C:\work\15.1.1.1.0\EAWebKitSupportPackages\FreeTypeEAWebKit\local-2.4.8.02-01\freetype-2.4.8\src\base\ftstroke.c">
      <Filter>base</Filter>
    </ClCompile>
    <ClCompile Include="C:\work\15.1.1.1.0\EAWebKitSupportPackages\FreeTypeEAWebKit\local-2.4.8.02-01\freetype-2.4.8\src\base\ftsynth.c">
      <Filter>base</Filter>
    </ClCompile>
    <ClCompile Include="C:\work\15.1.1.1.0\EAWebKitSupportPackages\FreeTypeEAWebKit\local-2.4.8.02-01\freetype-2.4.8\src\base\ftsystem.c">
      <Filter>base</Filter>
    </ClCompile>
    <ClCompile Include="C:\work\15.1.1.1.0\EAWebKitSupportPackages\FreeTypeEAWebKit\local-2.4.8.02-01\freetype-2.4.8\src\base\fttype1.c">
      <Filter>base</Filter>
    </ClCompile>
    <ClCompile Include="C:\work\15.1.1.1.0\EAWebKitSupportPackages\FreeTypeEAWebKit\local-2.4.8.02-01\freetype-2.4.8\src\base\ftwinfnt.c">
      <Filter>base</Filter>
    </ClCompile>
    <ClCompile Include="C:\work\15.1.1.1.0\EAWebKitSupportPackages\FreeTypeEAWebKit\local-2.4.8.02-01\freetype-2.4.8\src\bdf\bdf.c">
      <Filter>bdf</Filter>
    </ClCompile>
    <ClCompile Include="C:\work\15.1.1.1.0\EAWebKitSupportPackages\FreeTypeEAWebKit\local-2.4.8.02-01\freetype-2.4.8\src\cache\ftcache.c">
      <Filter>cache</Filter>
    </ClCompile>
    <ClCompile Include="C:\work\15.1.1.1.0\EAWebKitSupportPackages\FreeTypeEAWebKit\local-2.4.8.02-01\freetype-2.4.8\src\cff\cff.c">
      <Filter>cff</Filter>
    </ClCompile>
    <ClCompile Include="C:\work\15.1.1.1.0\EAWebKitSupportPackages\FreeTypeEAWebKit\local-2.4.8.02-01\freetype-2.4.8\src\cid\type1cid.c">
      <Filter>cid</Filter>
    </ClCompile>
    <ClCompile Include="C:\work\15.1.1.1.0\EAWebKitSupportPackages\FreeTypeEAWebKit\local-2.4.8.02-01\freetype-2.4.8\src\gzip\ftgzip.c">
      <Filter>gzip</Filter>
    </ClCompile>
    <ClCompile Include="C:\work\15.1.1.1.0\EAWebKitSupportPackages\FreeTypeEAWebKit\local-2.4.8.02-01\freetype-2.4.8\src\lzw\ftlzw.c">
      <Filter>lzw</Filter>
    </ClCompile>
    <ClCompile Include="C:\work\15.1.1.1.0\EAWebKitSupportPackages\FreeTypeEAWebKit\local-2.4.8.02-01\freetype-2.4.8\src\pcf\pcf.c">
      <Filter>pcf</Filter>
    </ClCompile>
    <ClCompile Include="C:\work\15.1.1.1.0\EAWebKitSupportPackages\FreeTypeEAWebKit\local-2.4.8.02-01\freetype-2.4.8\src\pfr\pfr.c">
      <Filter>pfr</Filter>
    </ClCompile>
    <ClCompile Include="C:\work\15.1.1.1.0\EAWebKitSupportPackages\FreeTypeEAWebKit\local-2.4.8.02-01\freetype-2.4.8\src\psaux\psaux.c">
      <Filter>psaux</Filter>
    </ClCompile>
    <ClCompile Include="C:\work\15.1.1.1.0\EAWebKitSupportPackages\FreeTypeEAWebKit\local-2.4.8.02-01\freetype-2.4.8\src\pshinter\pshinter.c">
      <Filter>pshinter</Filter>
    </ClCompile>
    <ClCompile Include="C:\work\15.1.1.1.0\EAWebKitSupportPackages\FreeTypeEAWebKit\local-2.4.8.02-01\freetype-2.4.8\src\psnames\psnames.c">
      <Filter>psnames</Filter>
    </ClCompile>
    <ClCompile Include="C:\work\15.1.1.1.0\EAWebKitSupportPackages\FreeTypeEAWebKit\local-2.4.8.02-01\freetype-2.4.8\src\raster\raster.c">
      <Filter>raster</Filter>
    </ClCompile>
    <ClCompile Include="C:\work\15.1.1.1.0\EAWebKitSupportPackages\FreeTypeEAWebKit\local-2.4.8.02-01\freetype-2.4.8\src\sfnt\sfnt.c">
      <Filter>sfnt</Filter>
    </ClCompile>
    <ClCompile Include="C:\work\15.1.1.1.0\EAWebKitSupportPackages\FreeTypeEAWebKit\local-2.4.8.02-01\freetype-2.4.8\src\smooth\smooth.c">
      <Filter>smooth</Filter>
    </ClCompile>
    <ClCompile Include="C:\work\15.1.1.1.0\EAWebKitSupportPackages\FreeTypeEAWebKit\local-2.4.8.02-01\freetype-2.4.8\src\truetype\truetype.c">
      <Filter>truetype</Filter>
    </ClCompile>
    <ClCompile Include="C:\work\15.1.1.1.0\EAWebKitSupportPackages\FreeTypeEAWebKit\local-2.4.8.02-01\freetype-2.4.8\src\type1\type1.c">
      <Filter>type1</Filter>
    </ClCompile>
    <ClCompile Include="C:\work\15.1.1.1.0\EAWebKitSupportPackages\FreeTypeEAWebKit\local-2.4.8.02-01\freetype-2.4.8\src\type42\type42.c">
      <Filter>type42</Filter>
    </ClCompile>
    <ClCompile Include="C:\work\15.1.1.1.0\EAWebKitSupportPackages\FreeTypeEAWebKit\local-2.4.8.02-01\freetype-2.4.8\src\winfonts\winfnt.c">
      <Filter>winfonts</Filter>
    </ClCompile>
  </ItemGroup>
</Project>