<?xml version="1.0" encoding="utf-8"?>
<Project ToolsVersion="4.0" xmlns="http://schemas.microsoft.com/developer/msbuild/2003">
  <ItemGroup>
    <Filter Include="include">
      <UniqueIdentifier>{0FEB36D4-DED9-B510-4A82-8CE6435F7E81}</UniqueIdentifier>
    </Filter>
    <Filter Include="include\libxml">
      <UniqueIdentifier>{DB09E1B7-1575-81A7-51F3-6A094039DEA3}</UniqueIdentifier>
    </Filter>
    <Filter Include="source">
      <UniqueIdentifier>{F438CD36-9A9B-08FA-222C-0DC9EBFE35EB}</UniqueIdentifier>
    </Filter>
  </ItemGroup>
  <ItemGroup>
    <ClInclude Include="C:\work\15.1.1.1.0\EAWebKitSupportPackages\libxml2EAWebKit\local-1.00.06\include\win32config.h">
      <Filter>include</Filter>
    </ClInclude>
    <ClInclude Include="C:\work\15.1.1.1.0\EAWebKitSupportPackages\libxml2EAWebKit\local-1.00.06\include\wsockcompat.h">
      <Filter>include</Filter>
    </ClInclude>
    <ClInclude Include="C:\work\15.1.1.1.0\EAWebKitSupportPackages\libxml2EAWebKit\local-1.00.06\include\libxml\c14n.h">
      <Filter>include\libxml</Filter>
    </ClInclude>
    <ClInclude Include="C:\work\15.1.1.1.0\EAWebKitSupportPackages\libxml2EAWebKit\local-1.00.06\include\libxml\catalog.h">
      <Filter>include\libxml</Filter>
    </ClInclude>
    <ClInclude Include="C:\work\15.1.1.1.0\EAWebKitSupportPackages\libxml2EAWebKit\local-1.00.06\include\libxml\chvalid.h">
      <Filter>include\libxml</Filter>
    </ClInclude>
    <ClInclude Include="C:\work\15.1.1.1.0\EAWebKitSupportPackages\libxml2EAWebKit\local-1.00.06\include\libxml\debugXML.h">
      <Filter>include\libxml</Filter>
    </ClInclude>
    <ClInclude Include="C:\work\15.1.1.1.0\EAWebKitSupportPackages\libxml2EAWebKit\local-1.00.06\include\libxml\dict.h">
      <Filter>include\libxml</Filter>
    </ClInclude>
    <ClInclude Include="C:\work\15.1.1.1.0\EAWebKitSupportPackages\libxml2EAWebKit\local-1.00.06\include\libxml\DOCBparser.h">
      <Filter>include\libxml</Filter>
    </ClInclude>
    <ClInclude Include="C:\work\15.1.1.1.0\EAWebKitSupportPackages\libxml2EAWebKit\local-1.00.06\include\libxml\encoding.h">
      <Filter>include\libxml</Filter>
    </ClInclude>
    <ClInclude Include="C:\work\15.1.1.1.0\EAWebKitSupportPackages\libxml2EAWebKit\local-1.00.06\include\libxml\entities.h">
      <Filter>include\libxml</Filter>
    </ClInclude>
    <ClInclude Include="C:\work\15.1.1.1.0\EAWebKitSupportPackages\libxml2EAWebKit\local-1.00.06\include\libxml\globals.h">
      <Filter>include\libxml</Filter>
    </ClInclude>
    <ClInclude Include="C:\work\15.1.1.1.0\EAWebKitSupportPackages\libxml2EAWebKit\local-1.00.06\include\libxml\hash.h">
      <Filter>include\libxml</Filter>
    </ClInclude>
    <ClInclude Include="C:\work\15.1.1.1.0\EAWebKitSupportPackages\libxml2EAWebKit\local-1.00.06\include\libxml\HTMLparser.h">
      <Filter>include\libxml</Filter>
    </ClInclude>
    <ClInclude Include="C:\work\15.1.1.1.0\EAWebKitSupportPackages\libxml2EAWebKit\local-1.00.06\include\libxml\HTMLtree.h">
      <Filter>include\libxml</Filter>
    </ClInclude>
    <ClInclude Include="C:\work\15.1.1.1.0\EAWebKitSupportPackages\libxml2EAWebKit\local-1.00.06\include\libxml\list.h">
      <Filter>include\libxml</Filter>
    </ClInclude>
    <ClInclude Include="C:\work\15.1.1.1.0\EAWebKitSupportPackages\libxml2EAWebKit\local-1.00.06\include\libxml\nanoftp.h">
      <Filter>include\libxml</Filter>
    </ClInclude>
    <ClInclude Include="C:\work\15.1.1.1.0\EAWebKitSupportPackages\libxml2EAWebKit\local-1.00.06\include\libxml\nanohttp.h">
      <Filter>include\libxml</Filter>
    </ClInclude>
    <ClInclude Include="C:\work\15.1.1.1.0\EAWebKitSupportPackages\libxml2EAWebKit\local-1.00.06\include\libxml\parser.h">
      <Filter>include\libxml</Filter>
    </ClInclude>
    <ClInclude Include="C:\work\15.1.1.1.0\EAWebKitSupportPackages\libxml2EAWebKit\local-1.00.06\include\libxml\parserInternals.h">
      <Filter>include\libxml</Filter>
    </ClInclude>
    <ClInclude Include="C:\work\15.1.1.1.0\EAWebKitSupportPackages\libxml2EAWebKit\local-1.00.06\include\libxml\pattern.h">
      <Filter>include\libxml</Filter>
    </ClInclude>
    <ClInclude Include="C:\work\15.1.1.1.0\EAWebKitSupportPackages\libxml2EAWebKit\local-1.00.06\include\libxml\relaxng.h">
      <Filter>include\libxml</Filter>
    </ClInclude>
    <ClInclude Include="C:\work\15.1.1.1.0\EAWebKitSupportPackages\libxml2EAWebKit\local-1.00.06\include\libxml\SAX.h">
      <Filter>include\libxml</Filter>
    </ClInclude>
    <ClInclude Include="C:\work\15.1.1.1.0\EAWebKitSupportPackages\libxml2EAWebKit\local-1.00.06\include\libxml\SAX2.h">
      <Filter>include\libxml</Filter>
    </ClInclude>
    <ClInclude Include="C:\work\15.1.1.1.0\EAWebKitSupportPackages\libxml2EAWebKit\local-1.00.06\include\libxml\schemasInternals.h">
      <Filter>include\libxml</Filter>
    </ClInclude>
    <ClInclude Include="C:\work\15.1.1.1.0\EAWebKitSupportPackages\libxml2EAWebKit\local-1.00.06\include\libxml\schematron.h">
      <Filter>include\libxml</Filter>
    </ClInclude>
    <ClInclude Include="C:\work\15.1.1.1.0\EAWebKitSupportPackages\libxml2EAWebKit\local-1.00.06\include\libxml\threads.h">
      <Filter>include\libxml</Filter>
    </ClInclude>
    <ClInclude Include="C:\work\15.1.1.1.0\EAWebKitSupportPackages\libxml2EAWebKit\local-1.00.06\include\libxml\tree.h">
      <Filter>include\libxml</Filter>
    </ClInclude>
    <ClInclude Include="C:\work\15.1.1.1.0\EAWebKitSupportPackages\libxml2EAWebKit\local-1.00.06\include\libxml\uri.h">
      <Filter>include\libxml</Filter>
    </ClInclude>
    <ClInclude Include="C:\work\15.1.1.1.0\EAWebKitSupportPackages\libxml2EAWebKit\local-1.00.06\include\libxml\valid.h">
      <Filter>include\libxml</Filter>
    </ClInclude>
    <ClInclude Include="C:\work\15.1.1.1.0\EAWebKitSupportPackages\libxml2EAWebKit\local-1.00.06\include\libxml\xinclude.h">
      <Filter>include\libxml</Filter>
    </ClInclude>
    <ClInclude Include="C:\work\15.1.1.1.0\EAWebKitSupportPackages\libxml2EAWebKit\local-1.00.06\include\libxml\xlink.h">
      <Filter>include\libxml</Filter>
    </ClInclude>
    <ClInclude Include="C:\work\15.1.1.1.0\EAWebKitSupportPackages\libxml2EAWebKit\local-1.00.06\include\libxml\xmlautomata.h">
      <Filter>include\libxml</Filter>
    </ClInclude>
    <ClInclude Include="C:\work\15.1.1.1.0\EAWebKitSupportPackages\libxml2EAWebKit\local-1.00.06\include\libxml\xmlerror.h">
      <Filter>include\libxml</Filter>
    </ClInclude>
    <ClInclude Include="C:\work\15.1.1.1.0\EAWebKitSupportPackages\libxml2EAWebKit\local-1.00.06\include\libxml\xmlexports.h">
      <Filter>include\libxml</Filter>
    </ClInclude>
    <ClInclude Include="C:\work\15.1.1.1.0\EAWebKitSupportPackages\libxml2EAWebKit\local-1.00.06\include\libxml\xmlIO.h">
      <Filter>include\libxml</Filter>
    </ClInclude>
    <ClInclude Include="C:\work\15.1.1.1.0\EAWebKitSupportPackages\libxml2EAWebKit\local-1.00.06\include\libxml\xmlmemory.h">
      <Filter>include\libxml</Filter>
    </ClInclude>
    <ClInclude Include="C:\work\15.1.1.1.0\EAWebKitSupportPackages\libxml2EAWebKit\local-1.00.06\include\libxml\xmlmodule.h">
      <Filter>include\libxml</Filter>
    </ClInclude>
    <ClInclude Include="C:\work\15.1.1.1.0\EAWebKitSupportPackages\libxml2EAWebKit\local-1.00.06\include\libxml\xmlreader.h">
      <Filter>include\libxml</Filter>
    </ClInclude>
    <ClInclude Include="C:\work\15.1.1.1.0\EAWebKitSupportPackages\libxml2EAWebKit\local-1.00.06\include\libxml\xmlregexp.h">
      <Filter>include\libxml</Filter>
    </ClInclude>
    <ClInclude Include="C:\work\15.1.1.1.0\EAWebKitSupportPackages\libxml2EAWebKit\local-1.00.06\include\libxml\xmlsave.h">
      <Filter>include\libxml</Filter>
    </ClInclude>
    <ClInclude Include="C:\work\15.1.1.1.0\EAWebKitSupportPackages\libxml2EAWebKit\local-1.00.06\include\libxml\xmlschemas.h">
      <Filter>include\libxml</Filter>
    </ClInclude>
    <ClInclude Include="C:\work\15.1.1.1.0\EAWebKitSupportPackages\libxml2EAWebKit\local-1.00.06\include\libxml\xmlschemastypes.h">
      <Filter>include\libxml</Filter>
    </ClInclude>
    <ClInclude Include="C:\work\15.1.1.1.0\EAWebKitSupportPackages\libxml2EAWebKit\local-1.00.06\include\libxml\xmlstring.h">
      <Filter>include\libxml</Filter>
    </ClInclude>
    <ClInclude Include="C:\work\15.1.1.1.0\EAWebKitSupportPackages\libxml2EAWebKit\local-1.00.06\include\libxml\xmlunicode.h">
      <Filter>include\libxml</Filter>
    </ClInclude>
    <ClInclude Include="C:\work\15.1.1.1.0\EAWebKitSupportPackages\libxml2EAWebKit\local-1.00.06\include\libxml\xmlversion.h">
      <Filter>include\libxml</Filter>
    </ClInclude>
    <ClInclude Include="C:\work\15.1.1.1.0\EAWebKitSupportPackages\libxml2EAWebKit\local-1.00.06\include\libxml\xmlwriter.h">
      <Filter>include\libxml</Filter>
    </ClInclude>
    <ClInclude Include="C:\work\15.1.1.1.0\EAWebKitSupportPackages\libxml2EAWebKit\local-1.00.06\include\libxml\xpath.h">
      <Filter>include\libxml</Filter>
    </ClInclude>
    <ClInclude Include="C:\work\15.1.1.1.0\EAWebKitSupportPackages\libxml2EAWebKit\local-1.00.06\include\libxml\xpathInternals.h">
      <Filter>include\libxml</Filter>
    </ClInclude>
    <ClInclude Include="C:\work\15.1.1.1.0\EAWebKitSupportPackages\libxml2EAWebKit\local-1.00.06\include\libxml\xpointer.h">
      <Filter>include\libxml</Filter>
    </ClInclude>
  </ItemGroup>
  <ItemGroup>
    <ClCompile Include="C:\work\15.1.1.1.0\EAWebKitSupportPackages\libxml2EAWebKit\local-1.00.06\source\c14n.c">
      <Filter>source</Filter>
    </ClCompile>
    <ClCompile Include="C:\work\15.1.1.1.0\EAWebKitSupportPackages\libxml2EAWebKit\local-1.00.06\source\catalog.c">
      <Filter>source</Filter>
    </ClCompile>
    <ClCompile Include="C:\work\15.1.1.1.0\EAWebKitSupportPackages\libxml2EAWebKit\local-1.00.06\source\chvalid.c">
      <Filter>source</Filter>
    </ClCompile>
    <ClCompile Include="C:\work\15.1.1.1.0\EAWebKitSupportPackages\libxml2EAWebKit\local-1.00.06\source\debugXML.c">
      <Filter>source</Filter>
    </ClCompile>
    <ClCompile Include="C:\work\15.1.1.1.0\EAWebKitSupportPackages\libxml2EAWebKit\local-1.00.06\source\dict.c">
      <Filter>source</Filter>
    </ClCompile>
    <ClCompile Include="C:\work\15.1.1.1.0\EAWebKitSupportPackages\libxml2EAWebKit\local-1.00.06\source\DOCBparser.c">
      <Filter>source</Filter>
    </ClCompile>
    <ClCompile Include="C:\work\15.1.1.1.0\EAWebKitSupportPackages\libxml2EAWebKit\local-1.00.06\source\encoding.c">
      <Filter>source</Filter>
    </ClCompile>
    <ClCompile Include="C:\work\15.1.1.1.0\EAWebKitSupportPackages\libxml2EAWebKit\local-1.00.06\source\entities.c">
      <Filter>source</Filter>
    </ClCompile>
    <ClCompile Include="C:\work\15.1.1.1.0\EAWebKitSupportPackages\libxml2EAWebKit\local-1.00.06\source\error.c">
      <Filter>source</Filter>
    </ClCompile>
    <ClCompile Include="C:\work\15.1.1.1.0\EAWebKitSupportPackages\libxml2EAWebKit\local-1.00.06\source\globals.c">
      <Filter>source</Filter>
    </ClCompile>
    <ClCompile Include="C:\work\15.1.1.1.0\EAWebKitSupportPackages\libxml2EAWebKit\local-1.00.06\source\hash.c">
      <Filter>source</Filter>
    </ClCompile>
    <ClCompile Include="C:\work\15.1.1.1.0\EAWebKitSupportPackages\libxml2EAWebKit\local-1.00.06\source\HTMLparser.c">
      <Filter>source</Filter>
    </ClCompile>
    <ClCompile Include="C:\work\15.1.1.1.0\EAWebKitSupportPackages\libxml2EAWebKit\local-1.00.06\source\HTMLtree.c">
      <Filter>source</Filter>
    </ClCompile>
    <ClCompile Include="C:\work\15.1.1.1.0\EAWebKitSupportPackages\libxml2EAWebKit\local-1.00.06\source\legacy.c">
      <Filter>source</Filter>
    </ClCompile>
    <ClCompile Include="C:\work\15.1.1.1.0\EAWebKitSupportPackages\libxml2EAWebKit\local-1.00.06\source\list.c">
      <Filter>source</Filter>
    </ClCompile>
    <ClCompile Include="C:\work\15.1.1.1.0\EAWebKitSupportPackages\libxml2EAWebKit\local-1.00.06\source\parser.c">
      <Filter>source</Filter>
    </ClCompile>
    <ClCompile Include="C:\work\15.1.1.1.0\EAWebKitSupportPackages\libxml2EAWebKit\local-1.00.06\source\parserInternals.c">
      <Filter>source</Filter>
    </ClCompile>
    <ClCompile Include="C:\work\15.1.1.1.0\EAWebKitSupportPackages\libxml2EAWebKit\local-1.00.06\source\pattern.c">
      <Filter>source</Filter>
    </ClCompile>
    <ClCompile Include="C:\work\15.1.1.1.0\EAWebKitSupportPackages\libxml2EAWebKit\local-1.00.06\source\relaxng.c">
      <Filter>source</Filter>
    </ClCompile>
    <ClCompile Include="C:\work\15.1.1.1.0\EAWebKitSupportPackages\libxml2EAWebKit\local-1.00.06\source\SAX.c">
      <Filter>source</Filter>
    </ClCompile>
    <ClCompile Include="C:\work\15.1.1.1.0\EAWebKitSupportPackages\libxml2EAWebKit\local-1.00.06\source\SAX2.c">
      <Filter>source</Filter>
    </ClCompile>
    <ClCompile Include="C:\work\15.1.1.1.0\EAWebKitSupportPackages\libxml2EAWebKit\local-1.00.06\source\threads.c">
      <Filter>source</Filter>
    </ClCompile>
    <ClCompile Include="C:\work\15.1.1.1.0\EAWebKitSupportPackages\libxml2EAWebKit\local-1.00.06\source\tree.c">
      <Filter>source</Filter>
    </ClCompile>
    <ClCompile Include="C:\work\15.1.1.1.0\EAWebKitSupportPackages\libxml2EAWebKit\local-1.00.06\source\trio.c">
      <Filter>source</Filter>
    </ClCompile>
    <ClCompile Include="C:\work\15.1.1.1.0\EAWebKitSupportPackages\libxml2EAWebKit\local-1.00.06\source\trionan.c">
      <Filter>source</Filter>
    </ClCompile>
    <ClCompile Include="C:\work\15.1.1.1.0\EAWebKitSupportPackages\libxml2EAWebKit\local-1.00.06\source\triostr.c">
      <Filter>source</Filter>
    </ClCompile>
    <ClCompile Include="C:\work\15.1.1.1.0\EAWebKitSupportPackages\libxml2EAWebKit\local-1.00.06\source\uri.c">
      <Filter>source</Filter>
    </ClCompile>
    <ClCompile Include="C:\work\15.1.1.1.0\EAWebKitSupportPackages\libxml2EAWebKit\local-1.00.06\source\valid.c">
      <Filter>source</Filter>
    </ClCompile>
    <ClCompile Include="C:\work\15.1.1.1.0\EAWebKitSupportPackages\libxml2EAWebKit\local-1.00.06\source\xinclude.c">
      <Filter>source</Filter>
    </ClCompile>
    <ClCompile Include="C:\work\15.1.1.1.0\EAWebKitSupportPackages\libxml2EAWebKit\local-1.00.06\source\xlink.c">
      <Filter>source</Filter>
    </ClCompile>
    <ClCompile Include="C:\work\15.1.1.1.0\EAWebKitSupportPackages\libxml2EAWebKit\local-1.00.06\source\xmlIO.c">
      <Filter>source</Filter>
    </ClCompile>
    <ClCompile Include="C:\work\15.1.1.1.0\EAWebKitSupportPackages\libxml2EAWebKit\local-1.00.06\source\xmlmemory.c">
      <Filter>source</Filter>
    </ClCompile>
    <ClCompile Include="C:\work\15.1.1.1.0\EAWebKitSupportPackages\libxml2EAWebKit\local-1.00.06\source\xmlmodule.c">
      <Filter>source</Filter>
    </ClCompile>
    <ClCompile Include="C:\work\15.1.1.1.0\EAWebKitSupportPackages\libxml2EAWebKit\local-1.00.06\source\xmlreader.c">
      <Filter>source</Filter>
    </ClCompile>
    <ClCompile Include="C:\work\15.1.1.1.0\EAWebKitSupportPackages\libxml2EAWebKit\local-1.00.06\source\xmlregexp.c">
      <Filter>source</Filter>
    </ClCompile>
    <ClCompile Include="C:\work\15.1.1.1.0\EAWebKitSupportPackages\libxml2EAWebKit\local-1.00.06\source\xmlsave.c">
      <Filter>source</Filter>
    </ClCompile>
    <ClCompile Include="C:\work\15.1.1.1.0\EAWebKitSupportPackages\libxml2EAWebKit\local-1.00.06\source\xmlschemas.c">
      <Filter>source</Filter>
    </ClCompile>
    <ClCompile Include="C:\work\15.1.1.1.0\EAWebKitSupportPackages\libxml2EAWebKit\local-1.00.06\source\xmlschemastypes.c">
      <Filter>source</Filter>
    </ClCompile>
    <ClCompile Include="C:\work\15.1.1.1.0\EAWebKitSupportPackages\libxml2EAWebKit\local-1.00.06\source\xmlstring.c">
      <Filter>source</Filter>
    </ClCompile>
    <ClCompile Include="C:\work\15.1.1.1.0\EAWebKitSupportPackages\libxml2EAWebKit\local-1.00.06\source\xmlunicode.c">
      <Filter>source</Filter>
    </ClCompile>
    <ClCompile Include="C:\work\15.1.1.1.0\EAWebKitSupportPackages\libxml2EAWebKit\local-1.00.06\source\xpath.c">
      <Filter>source</Filter>
    </ClCompile>
    <ClCompile Include="C:\work\15.1.1.1.0\EAWebKitSupportPackages\libxml2EAWebKit\local-1.00.06\source\xpointer.c">
      <Filter>source</Filter>
    </ClCompile>
  </ItemGroup>
</Project>