<?xml version="1.0" encoding="utf-8"?>
<Project ToolsVersion="15.0" xmlns="http://schemas.microsoft.com/developer/msbuild/2003">
  <ItemGroup>
    <Filter Include="doc">
      <UniqueIdentifier>{DFB4099A-82DA-E6E3-65E3-1092D1C3EC8D}</UniqueIdentifier>
    </Filter>
    <Filter Include="include">
      <UniqueIdentifier>{0FEB36D4-DED9-B510-4A82-8CE6435F7E81}</UniqueIdentifier>
    </Filter>
    <Filter Include="include\EAAssert">
      <UniqueIdentifier>{25B55735-D1A7-7F64-DF0E-038E246A301B}</UniqueIdentifier>
    </Filter>
    <Filter Include="scripts">
      <UniqueIdentifier>{5A85C5D6-CF62-A432-DADB-C2831F0F295F}</UniqueIdentifier>
    </Filter>
    <Filter Include="source">
      <UniqueIdentifier>{F438CD36-9A9B-08FA-222C-0DC9EBFE35EB}</UniqueIdentifier>
    </Filter>
  </ItemGroup>
  <ItemGroup>
    <None Include="..\..\..\..\EAWebKitSupportPackages\EAAssert\local_1.05.11\doc\eaassert.html">
      <Filter>doc</Filter>
    </None>
    <None Include="..\..\..\..\EAWebKitSupportPackages\EAAssert\local_1.05.11\EAAssert.build" />
    <None Include="..\..\..\..\EAWebKitSupportPackages\EAAssert\local_1.05.11\scripts\EAAssert_strip.py">
      <Filter>scripts</Filter>
    </None>
    <None Include="..\..\..\..\EAWebKitSupportPackages\EAAssert\local_1.05.11\scripts\initialize.xml">
      <Filter>scripts</Filter>
    </None>
    <None Include="..\..\..\..\EAWebKitSupportPackages\EAAssert\local_1.05.11\scripts\make_public.bat">
      <Filter>scripts</Filter>
    </None>
  </ItemGroup>
  <ItemGroup>
    <ClInclude Include="..\..\..\..\EAWebKitSupportPackages\EAAssert\local_1.05.11\include\EAAssert\eaassert.h">
      <Filter>include\EAAssert</Filter>
    </ClInclude>
    <ClInclude Include="..\..\..\..\EAWebKitSupportPackages\EAAssert\local_1.05.11\include\EAAssert\version.h">
      <Filter>include\EAAssert</Filter>
    </ClInclude>
  </ItemGroup>
  <ItemGroup>
    <ClCompile Include="..\..\..\..\EAWebKitSupportPackages\EAAssert\local_1.05.11\source\eaassert.cpp">
      <Filter>source</Filter>
    </ClCompile>
  </ItemGroup>
</Project>