<?xml version="1.0" encoding="utf-8"?>
<Project ToolsVersion="4.0" xmlns="http://schemas.microsoft.com/developer/msbuild/2003">
  <ItemGroup>
    <Filter Include="wtf">
      <UniqueIdentifier>{20E5DCAA-0CE2-9928-F4CE-D228A79A3083}</UniqueIdentifier>
    </Filter>
    <Filter Include="wtf\dtoa">
      <UniqueIdentifier>{454121CE-10D2-C5D3-CA6C-4E38C9E9D8DE}</UniqueIdentifier>
    </Filter>
    <Filter Include="wtf\ea">
      <UniqueIdentifier>{99CFF4D4-5419-85C6-E7CF-E26D3F793D88}</UniqueIdentifier>
    </Filter>
    <Filter Include="wtf\efl">
      <UniqueIdentifier>{5EC74D64-B7D7-F27C-E50B-083828FDB66E}</UniqueIdentifier>
    </Filter>
    <Filter Include="wtf\gobject">
      <UniqueIdentifier>{B2E3EEC5-F809-19A6-621A-4F4ADFDA21AA}</UniqueIdentifier>
    </Filter>
    <Filter Include="wtf\ios">
      <UniqueIdentifier>{2C3CEFA1-78E4-A8DA-60C6-091E5C4DDEFA}</UniqueIdentifier>
    </Filter>
    <Filter Include="wtf\nix">
      <UniqueIdentifier>{016FD327-8C83-B1DE-730B-276AF497AA9D}</UniqueIdentifier>
    </Filter>
    <Filter Include="wtf\text">
      <UniqueIdentifier>{3E30B243-E61E-A1D2-30D9-49D8A6553F15}</UniqueIdentifier>
    </Filter>
    <Filter Include="wtf\threads">
      <UniqueIdentifier>{43D7C8E7-B849-5DC3-6073-0A054464B7D6}</UniqueIdentifier>
    </Filter>
    <Filter Include="wtf\unicode">
      <UniqueIdentifier>{E507588D-1A3B-21BB-4875-9E22214F196C}</UniqueIdentifier>
    </Filter>
    <Filter Include="wtf\unicode\ea">
      <UniqueIdentifier>{20EA8658-AB62-2E7E-63B8-4CA6125EE39C}</UniqueIdentifier>
    </Filter>
    <Filter Include="wtf\unicode\icu">
      <UniqueIdentifier>{04CD6D92-66C1-942D-93D4-0E59250F3624}</UniqueIdentifier>
    </Filter>
    <Filter Include="wtf\unicode\wchar">
      <UniqueIdentifier>{9BE83CEC-C316-EA0C-1EEC-C8CCB7F0ADEC}</UniqueIdentifier>
    </Filter>
    <Filter Include="wtf\win">
      <UniqueIdentifier>{3D147B11-9829-8A65-DBDD-D27B4F80A2CF}</UniqueIdentifier>
    </Filter>
  </ItemGroup>
  <ItemGroup>
    <ClInclude Include="C:\work\15.1.1.1.0\EAWebKitSupportPackages\WTF\local\wtf\ASCIICType.h">
      <Filter>wtf</Filter>
    </ClInclude>
    <ClInclude Include="C:\work\15.1.1.1.0\EAWebKitSupportPackages\WTF\local\wtf\Assertions.h">
      <Filter>wtf</Filter>
    </ClInclude>
    <ClInclude Include="C:\work\15.1.1.1.0\EAWebKitSupportPackages\WTF\local\wtf\Atomics.h">
      <Filter>wtf</Filter>
    </ClInclude>
    <ClInclude Include="C:\work\15.1.1.1.0\EAWebKitSupportPackages\WTF\local\wtf\AutodrainedPool.h">
      <Filter>wtf</Filter>
    </ClInclude>
    <ClInclude Include="C:\work\15.1.1.1.0\EAWebKitSupportPackages\WTF\local\wtf\AVLTree.h">
      <Filter>wtf</Filter>
    </ClInclude>
    <ClInclude Include="C:\work\15.1.1.1.0\EAWebKitSupportPackages\WTF\local\wtf\BitArray.h">
      <Filter>wtf</Filter>
    </ClInclude>
    <ClInclude Include="C:\work\15.1.1.1.0\EAWebKitSupportPackages\WTF\local\wtf\Bitmap.h">
      <Filter>wtf</Filter>
    </ClInclude>
    <ClInclude Include="C:\work\15.1.1.1.0\EAWebKitSupportPackages\WTF\local\wtf\BitVector.h">
      <Filter>wtf</Filter>
    </ClInclude>
    <ClInclude Include="C:\work\15.1.1.1.0\EAWebKitSupportPackages\WTF\local\wtf\BlockStack.h">
      <Filter>wtf</Filter>
    </ClInclude>
    <ClInclude Include="C:\work\15.1.1.1.0\EAWebKitSupportPackages\WTF\local\wtf\BloomFilter.h">
      <Filter>wtf</Filter>
    </ClInclude>
    <ClInclude Include="C:\work\15.1.1.1.0\EAWebKitSupportPackages\WTF\local\wtf\BoundsCheckedPointer.h">
      <Filter>wtf</Filter>
    </ClInclude>
    <ClInclude Include="C:\work\15.1.1.1.0\EAWebKitSupportPackages\WTF\local\wtf\BumpPointerAllocator.h">
      <Filter>wtf</Filter>
    </ClInclude>
    <ClInclude Include="C:\work\15.1.1.1.0\EAWebKitSupportPackages\WTF\local\wtf\ByteOrder.h">
      <Filter>wtf</Filter>
    </ClInclude>
    <ClInclude Include="C:\work\15.1.1.1.0\EAWebKitSupportPackages\WTF\local\wtf\ByteSpinLock.h">
      <Filter>wtf</Filter>
    </ClInclude>
    <ClInclude Include="C:\work\15.1.1.1.0\EAWebKitSupportPackages\WTF\local\wtf\CheckedArithmetic.h">
      <Filter>wtf</Filter>
    </ClInclude>
    <ClInclude Include="C:\work\15.1.1.1.0\EAWebKitSupportPackages\WTF\local\wtf\CheckedBoolean.h">
      <Filter>wtf</Filter>
    </ClInclude>
    <ClInclude Include="C:\work\15.1.1.1.0\EAWebKitSupportPackages\WTF\local\wtf\CommaPrinter.h">
      <Filter>wtf</Filter>
    </ClInclude>
    <ClInclude Include="C:\work\15.1.1.1.0\EAWebKitSupportPackages\WTF\local\wtf\CompilationThread.h">
      <Filter>wtf</Filter>
    </ClInclude>
    <ClInclude Include="C:\work\15.1.1.1.0\EAWebKitSupportPackages\WTF\local\wtf\Compiler.h">
      <Filter>wtf</Filter>
    </ClInclude>
    <ClInclude Include="C:\work\15.1.1.1.0\EAWebKitSupportPackages\WTF\local\wtf\Compression.h">
      <Filter>wtf</Filter>
    </ClInclude>
    <ClInclude Include="C:\work\15.1.1.1.0\EAWebKitSupportPackages\WTF\local\wtf\CryptographicallyRandomNumber.h">
      <Filter>wtf</Filter>
    </ClInclude>
    <ClInclude Include="C:\work\15.1.1.1.0\EAWebKitSupportPackages\WTF\local\wtf\CurrentTime.h">
      <Filter>wtf</Filter>
    </ClInclude>
    <ClInclude Include="C:\work\15.1.1.1.0\EAWebKitSupportPackages\WTF\local\wtf\DataLog.h">
      <Filter>wtf</Filter>
    </ClInclude>
    <ClInclude Include="C:\work\15.1.1.1.0\EAWebKitSupportPackages\WTF\local\wtf\DateMath.h">
      <Filter>wtf</Filter>
    </ClInclude>
    <ClInclude Include="C:\work\15.1.1.1.0\EAWebKitSupportPackages\WTF\local\wtf\DecimalNumber.h">
      <Filter>wtf</Filter>
    </ClInclude>
    <ClInclude Include="C:\work\15.1.1.1.0\EAWebKitSupportPackages\WTF\local\wtf\Decoder.h">
      <Filter>wtf</Filter>
    </ClInclude>
    <ClInclude Include="C:\work\15.1.1.1.0\EAWebKitSupportPackages\WTF\local\wtf\DeferrableRefCounted.h">
      <Filter>wtf</Filter>
    </ClInclude>
    <ClInclude Include="C:\work\15.1.1.1.0\EAWebKitSupportPackages\WTF\local\wtf\Deque.h">
      <Filter>wtf</Filter>
    </ClInclude>
    <ClInclude Include="C:\work\15.1.1.1.0\EAWebKitSupportPackages\WTF\local\wtf\DisallowCType.h">
      <Filter>wtf</Filter>
    </ClInclude>
    <ClInclude Include="C:\work\15.1.1.1.0\EAWebKitSupportPackages\WTF\local\wtf\DoublyLinkedList.h">
      <Filter>wtf</Filter>
    </ClInclude>
    <ClInclude Include="C:\work\15.1.1.1.0\EAWebKitSupportPackages\WTF\local\wtf\dtoa.h">
      <Filter>wtf</Filter>
    </ClInclude>
    <ClInclude Include="C:\work\15.1.1.1.0\EAWebKitSupportPackages\WTF\local\wtf\DynamicAnnotations.h">
      <Filter>wtf</Filter>
    </ClInclude>
    <ClInclude Include="C:\work\15.1.1.1.0\EAWebKitSupportPackages\WTF\local\wtf\Encoder.h">
      <Filter>wtf</Filter>
    </ClInclude>
    <ClInclude Include="C:\work\15.1.1.1.0\EAWebKitSupportPackages\WTF\local\wtf\EnumClass.h">
      <Filter>wtf</Filter>
    </ClInclude>
    <ClInclude Include="C:\work\15.1.1.1.0\EAWebKitSupportPackages\WTF\local\wtf\ExportMacros.h">
      <Filter>wtf</Filter>
    </ClInclude>
    <ClInclude Include="C:\work\15.1.1.1.0\EAWebKitSupportPackages\WTF\local\wtf\FastBitVector.h">
      <Filter>wtf</Filter>
    </ClInclude>
    <ClInclude Include="C:\work\15.1.1.1.0\EAWebKitSupportPackages\WTF\local\wtf\FastMalloc.h">
      <Filter>wtf</Filter>
    </ClInclude>
    <ClInclude Include="C:\work\15.1.1.1.0\EAWebKitSupportPackages\WTF\local\wtf\FeatureDefines.h">
      <Filter>wtf</Filter>
    </ClInclude>
    <ClInclude Include="C:\work\15.1.1.1.0\EAWebKitSupportPackages\WTF\local\wtf\FilePrintStream.h">
      <Filter>wtf</Filter>
    </ClInclude>
    <ClInclude Include="C:\work\15.1.1.1.0\EAWebKitSupportPackages\WTF\local\wtf\FixedArray.h">
      <Filter>wtf</Filter>
    </ClInclude>
    <ClInclude Include="C:\work\15.1.1.1.0\EAWebKitSupportPackages\WTF\local\wtf\FlipBytes.h">
      <Filter>wtf</Filter>
    </ClInclude>
    <ClInclude Include="C:\work\15.1.1.1.0\EAWebKitSupportPackages\WTF\local\wtf\Forward.h">
      <Filter>wtf</Filter>
    </ClInclude>
    <ClInclude Include="C:\work\15.1.1.1.0\EAWebKitSupportPackages\WTF\local\wtf\Functional.h">
      <Filter>wtf</Filter>
    </ClInclude>
    <ClInclude Include="C:\work\15.1.1.1.0\EAWebKitSupportPackages\WTF\local\wtf\FunctionDispatcher.h">
      <Filter>wtf</Filter>
    </ClInclude>
    <ClInclude Include="C:\work\15.1.1.1.0\EAWebKitSupportPackages\WTF\local\wtf\GetPtr.h">
      <Filter>wtf</Filter>
    </ClInclude>
    <ClInclude Include="C:\work\15.1.1.1.0\EAWebKitSupportPackages\WTF\local\wtf\GregorianDateTime.h">
      <Filter>wtf</Filter>
    </ClInclude>
    <ClInclude Include="C:\work\15.1.1.1.0\EAWebKitSupportPackages\WTF\local\wtf\HashCountedSet.h">
      <Filter>wtf</Filter>
    </ClInclude>
    <ClInclude Include="C:\work\15.1.1.1.0\EAWebKitSupportPackages\WTF\local\wtf\HashFunctions.h">
      <Filter>wtf</Filter>
    </ClInclude>
    <ClInclude Include="C:\work\15.1.1.1.0\EAWebKitSupportPackages\WTF\local\wtf\HashIterators.h">
      <Filter>wtf</Filter>
    </ClInclude>
    <ClInclude Include="C:\work\15.1.1.1.0\EAWebKitSupportPackages\WTF\local\wtf\HashMap.h">
      <Filter>wtf</Filter>
    </ClInclude>
    <ClInclude Include="C:\work\15.1.1.1.0\EAWebKitSupportPackages\WTF\local\wtf\HashSet.h">
      <Filter>wtf</Filter>
    </ClInclude>
    <ClInclude Include="C:\work\15.1.1.1.0\EAWebKitSupportPackages\WTF\local\wtf\HashTable.h">
      <Filter>wtf</Filter>
    </ClInclude>
    <ClInclude Include="C:\work\15.1.1.1.0\EAWebKitSupportPackages\WTF\local\wtf\HashTraits.h">
      <Filter>wtf</Filter>
    </ClInclude>
    <ClInclude Include="C:\work\15.1.1.1.0\EAWebKitSupportPackages\WTF\local\wtf\HexNumber.h">
      <Filter>wtf</Filter>
    </ClInclude>
    <ClInclude Include="C:\work\15.1.1.1.0\EAWebKitSupportPackages\WTF\local\wtf\InlineASM.h">
      <Filter>wtf</Filter>
    </ClInclude>
    <ClInclude Include="C:\work\15.1.1.1.0\EAWebKitSupportPackages\WTF\local\wtf\Insertion.h">
      <Filter>wtf</Filter>
    </ClInclude>
    <ClInclude Include="C:\work\15.1.1.1.0\EAWebKitSupportPackages\WTF\local\wtf\ListDump.h">
      <Filter>wtf</Filter>
    </ClInclude>
    <ClInclude Include="C:\work\15.1.1.1.0\EAWebKitSupportPackages\WTF\local\wtf\ListHashSet.h">
      <Filter>wtf</Filter>
    </ClInclude>
    <ClInclude Include="C:\work\15.1.1.1.0\EAWebKitSupportPackages\WTF\local\wtf\Locker.h">
      <Filter>wtf</Filter>
    </ClInclude>
    <ClInclude Include="C:\work\15.1.1.1.0\EAWebKitSupportPackages\WTF\local\wtf\MainThread.h">
      <Filter>wtf</Filter>
    </ClInclude>
    <ClInclude Include="C:\work\15.1.1.1.0\EAWebKitSupportPackages\WTF\local\wtf\MallocPtr.h">
      <Filter>wtf</Filter>
    </ClInclude>
    <ClInclude Include="C:\work\15.1.1.1.0\EAWebKitSupportPackages\WTF\local\wtf\MathExtras.h">
      <Filter>wtf</Filter>
    </ClInclude>
    <ClInclude Include="C:\work\15.1.1.1.0\EAWebKitSupportPackages\WTF\local\wtf\MD5.h">
      <Filter>wtf</Filter>
    </ClInclude>
    <ClInclude Include="C:\work\15.1.1.1.0\EAWebKitSupportPackages\WTF\local\wtf\MediaTime.h">
      <Filter>wtf</Filter>
    </ClInclude>
    <ClInclude Include="C:\work\15.1.1.1.0\EAWebKitSupportPackages\WTF\local\wtf\MessageQueue.h">
      <Filter>wtf</Filter>
    </ClInclude>
    <ClInclude Include="C:\work\15.1.1.1.0\EAWebKitSupportPackages\WTF\local\wtf\MetaAllocator.h">
      <Filter>wtf</Filter>
    </ClInclude>
    <ClInclude Include="C:\work\15.1.1.1.0\EAWebKitSupportPackages\WTF\local\wtf\MetaAllocatorHandle.h">
      <Filter>wtf</Filter>
    </ClInclude>
    <ClInclude Include="C:\work\15.1.1.1.0\EAWebKitSupportPackages\WTF\local\wtf\NeverDestroyed.h">
      <Filter>wtf</Filter>
    </ClInclude>
    <ClInclude Include="C:\work\15.1.1.1.0\EAWebKitSupportPackages\WTF\local\wtf\NoLock.h">
      <Filter>wtf</Filter>
    </ClInclude>
    <ClInclude Include="C:\work\15.1.1.1.0\EAWebKitSupportPackages\WTF\local\wtf\Noncopyable.h">
      <Filter>wtf</Filter>
    </ClInclude>
    <ClInclude Include="C:\work\15.1.1.1.0\EAWebKitSupportPackages\WTF\local\wtf\NumberOfCores.h">
      <Filter>wtf</Filter>
    </ClInclude>
    <ClInclude Include="C:\work\15.1.1.1.0\EAWebKitSupportPackages\WTF\local\wtf\ObjcRuntimeExtras.h">
      <Filter>wtf</Filter>
    </ClInclude>
    <ClInclude Include="C:\work\15.1.1.1.0\EAWebKitSupportPackages\WTF\local\wtf\OSAllocator.h">
      <Filter>wtf</Filter>
    </ClInclude>
    <ClInclude Include="C:\work\15.1.1.1.0\EAWebKitSupportPackages\WTF\local\wtf\OSRandomSource.h">
      <Filter>wtf</Filter>
    </ClInclude>
    <ClInclude Include="C:\work\15.1.1.1.0\EAWebKitSupportPackages\WTF\local\wtf\OwnPtr.h">
      <Filter>wtf</Filter>
    </ClInclude>
    <ClInclude Include="C:\work\15.1.1.1.0\EAWebKitSupportPackages\WTF\local\wtf\OwnPtrCommon.h">
      <Filter>wtf</Filter>
    </ClInclude>
    <ClInclude Include="C:\work\15.1.1.1.0\EAWebKitSupportPackages\WTF\local\wtf\PackedIntVector.h">
      <Filter>wtf</Filter>
    </ClInclude>
    <ClInclude Include="C:\work\15.1.1.1.0\EAWebKitSupportPackages\WTF\local\wtf\PageAllocation.h">
      <Filter>wtf</Filter>
    </ClInclude>
    <ClInclude Include="C:\work\15.1.1.1.0\EAWebKitSupportPackages\WTF\local\wtf\PageAllocationAligned.h">
      <Filter>wtf</Filter>
    </ClInclude>
    <ClInclude Include="C:\work\15.1.1.1.0\EAWebKitSupportPackages\WTF\local\wtf\PageBlock.h">
      <Filter>wtf</Filter>
    </ClInclude>
    <ClInclude Include="C:\work\15.1.1.1.0\EAWebKitSupportPackages\WTF\local\wtf\PageReservation.h">
      <Filter>wtf</Filter>
    </ClInclude>
    <ClInclude Include="C:\work\15.1.1.1.0\EAWebKitSupportPackages\WTF\local\wtf\ParallelJobs.h">
      <Filter>wtf</Filter>
    </ClInclude>
    <ClInclude Include="C:\work\15.1.1.1.0\EAWebKitSupportPackages\WTF\local\wtf\ParallelJobsGeneric.h">
      <Filter>wtf</Filter>
    </ClInclude>
    <ClInclude Include="C:\work\15.1.1.1.0\EAWebKitSupportPackages\WTF\local\wtf\ParallelJobsLibdispatch.h">
      <Filter>wtf</Filter>
    </ClInclude>
    <ClInclude Include="C:\work\15.1.1.1.0\EAWebKitSupportPackages\WTF\local\wtf\ParallelJobsOpenMP.h">
      <Filter>wtf</Filter>
    </ClInclude>
    <ClInclude Include="C:\work\15.1.1.1.0\EAWebKitSupportPackages\WTF\local\wtf\PassOwnPtr.h">
      <Filter>wtf</Filter>
    </ClInclude>
    <ClInclude Include="C:\work\15.1.1.1.0\EAWebKitSupportPackages\WTF\local\wtf\PassRefPtr.h">
      <Filter>wtf</Filter>
    </ClInclude>
    <ClInclude Include="C:\work\15.1.1.1.0\EAWebKitSupportPackages\WTF\local\wtf\Platform.h">
      <Filter>wtf</Filter>
    </ClInclude>
    <ClInclude Include="C:\work\15.1.1.1.0\EAWebKitSupportPackages\WTF\local\wtf\PossiblyNull.h">
      <Filter>wtf</Filter>
    </ClInclude>
    <ClInclude Include="C:\work\15.1.1.1.0\EAWebKitSupportPackages\WTF\local\wtf\PrintStream.h">
      <Filter>wtf</Filter>
    </ClInclude>
    <ClInclude Include="C:\work\15.1.1.1.0\EAWebKitSupportPackages\WTF\local\wtf\ProcessID.h">
      <Filter>wtf</Filter>
    </ClInclude>
    <ClInclude Include="C:\work\15.1.1.1.0\EAWebKitSupportPackages\WTF\local\wtf\RAMSize.h">
      <Filter>wtf</Filter>
    </ClInclude>
    <ClInclude Include="C:\work\15.1.1.1.0\EAWebKitSupportPackages\WTF\local\wtf\RandomNumber.h">
      <Filter>wtf</Filter>
    </ClInclude>
    <ClInclude Include="C:\work\15.1.1.1.0\EAWebKitSupportPackages\WTF\local\wtf\RandomNumberSeed.h">
      <Filter>wtf</Filter>
    </ClInclude>
    <ClInclude Include="C:\work\15.1.1.1.0\EAWebKitSupportPackages\WTF\local\wtf\RawPointer.h">
      <Filter>wtf</Filter>
    </ClInclude>
    <ClInclude Include="C:\work\15.1.1.1.0\EAWebKitSupportPackages\WTF\local\wtf\RedBlackTree.h">
      <Filter>wtf</Filter>
    </ClInclude>
    <ClInclude Include="C:\work\15.1.1.1.0\EAWebKitSupportPackages\WTF\local\wtf\Ref.h">
      <Filter>wtf</Filter>
    </ClInclude>
    <ClInclude Include="C:\work\15.1.1.1.0\EAWebKitSupportPackages\WTF\local\wtf\RefCounted.h">
      <Filter>wtf</Filter>
    </ClInclude>
    <ClInclude Include="C:\work\15.1.1.1.0\EAWebKitSupportPackages\WTF\local\wtf\RefCountedArray.h">
      <Filter>wtf</Filter>
    </ClInclude>
    <ClInclude Include="C:\work\15.1.1.1.0\EAWebKitSupportPackages\WTF\local\wtf\RefCountedLeakCounter.h">
      <Filter>wtf</Filter>
    </ClInclude>
    <ClInclude Include="C:\work\15.1.1.1.0\EAWebKitSupportPackages\WTF\local\wtf\RefPtr.h">
      <Filter>wtf</Filter>
    </ClInclude>
    <ClInclude Include="C:\work\15.1.1.1.0\EAWebKitSupportPackages\WTF\local\wtf\RefPtrHashMap.h">
      <Filter>wtf</Filter>
    </ClInclude>
    <ClInclude Include="C:\work\15.1.1.1.0\EAWebKitSupportPackages\WTF\local\wtf\RetainPtr.h">
      <Filter>wtf</Filter>
    </ClInclude>
    <ClInclude Include="C:\work\15.1.1.1.0\EAWebKitSupportPackages\WTF\local\wtf\RunLoopTimer.h">
      <Filter>wtf</Filter>
    </ClInclude>
    <ClInclude Include="C:\work\15.1.1.1.0\EAWebKitSupportPackages\WTF\local\wtf\SaturatedArithmetic.h">
      <Filter>wtf</Filter>
    </ClInclude>
    <ClInclude Include="C:\work\15.1.1.1.0\EAWebKitSupportPackages\WTF\local\wtf\SchedulePair.h">
      <Filter>wtf</Filter>
    </ClInclude>
    <ClInclude Include="C:\work\15.1.1.1.0\EAWebKitSupportPackages\WTF\local\wtf\SegmentedVector.h">
      <Filter>wtf</Filter>
    </ClInclude>
    <ClInclude Include="C:\work\15.1.1.1.0\EAWebKitSupportPackages\WTF\local\wtf\SentinelLinkedList.h">
      <Filter>wtf</Filter>
    </ClInclude>
    <ClInclude Include="C:\work\15.1.1.1.0\EAWebKitSupportPackages\WTF\local\wtf\SHA1.h">
      <Filter>wtf</Filter>
    </ClInclude>
    <ClInclude Include="C:\work\15.1.1.1.0\EAWebKitSupportPackages\WTF\local\wtf\SimpleStats.h">
      <Filter>wtf</Filter>
    </ClInclude>
    <ClInclude Include="C:\work\15.1.1.1.0\EAWebKitSupportPackages\WTF\local\wtf\SinglyLinkedList.h">
      <Filter>wtf</Filter>
    </ClInclude>
    <ClInclude Include="C:\work\15.1.1.1.0\EAWebKitSupportPackages\WTF\local\wtf\SixCharacterHash.h">
      <Filter>wtf</Filter>
    </ClInclude>
    <ClInclude Include="C:\work\15.1.1.1.0\EAWebKitSupportPackages\WTF\local\wtf\Spectrum.h">
      <Filter>wtf</Filter>
    </ClInclude>
    <ClInclude Include="C:\work\15.1.1.1.0\EAWebKitSupportPackages\WTF\local\wtf\StackBounds.h">
      <Filter>wtf</Filter>
    </ClInclude>
    <ClInclude Include="C:\work\15.1.1.1.0\EAWebKitSupportPackages\WTF\local\wtf\StackStats.h">
      <Filter>wtf</Filter>
    </ClInclude>
    <ClInclude Include="C:\work\15.1.1.1.0\EAWebKitSupportPackages\WTF\local\wtf\StaticConstructors.h">
      <Filter>wtf</Filter>
    </ClInclude>
    <ClInclude Include="C:\work\15.1.1.1.0\EAWebKitSupportPackages\WTF\local\wtf\StdLibExtras.h">
      <Filter>wtf</Filter>
    </ClInclude>
    <ClInclude Include="C:\work\15.1.1.1.0\EAWebKitSupportPackages\WTF\local\wtf\StreamBuffer.h">
      <Filter>wtf</Filter>
    </ClInclude>
    <ClInclude Include="C:\work\15.1.1.1.0\EAWebKitSupportPackages\WTF\local\wtf\StringExtras.h">
      <Filter>wtf</Filter>
    </ClInclude>
    <ClInclude Include="C:\work\15.1.1.1.0\EAWebKitSupportPackages\WTF\local\wtf\StringHashDumpContext.h">
      <Filter>wtf</Filter>
    </ClInclude>
    <ClInclude Include="C:\work\15.1.1.1.0\EAWebKitSupportPackages\WTF\local\wtf\StringHasher.h">
      <Filter>wtf</Filter>
    </ClInclude>
    <ClInclude Include="C:\work\15.1.1.1.0\EAWebKitSupportPackages\WTF\local\wtf\StringPrintStream.h">
      <Filter>wtf</Filter>
    </ClInclude>
    <ClInclude Include="C:\work\15.1.1.1.0\EAWebKitSupportPackages\WTF\local\wtf\TCPackedCache.h">
      <Filter>wtf</Filter>
    </ClInclude>
    <ClInclude Include="C:\work\15.1.1.1.0\EAWebKitSupportPackages\WTF\local\wtf\TCPageMap.h">
      <Filter>wtf</Filter>
    </ClInclude>
    <ClInclude Include="C:\work\15.1.1.1.0\EAWebKitSupportPackages\WTF\local\wtf\TCSpinLock.h">
      <Filter>wtf</Filter>
    </ClInclude>
    <ClInclude Include="C:\work\15.1.1.1.0\EAWebKitSupportPackages\WTF\local\wtf\TCSystemAlloc.h">
      <Filter>wtf</Filter>
    </ClInclude>
    <ClInclude Include="C:\work\15.1.1.1.0\EAWebKitSupportPackages\WTF\local\wtf\TemporaryChange.h">
      <Filter>wtf</Filter>
    </ClInclude>
    <ClInclude Include="C:\work\15.1.1.1.0\EAWebKitSupportPackages\WTF\local\wtf\ThreadFunctionInvocation.h">
      <Filter>wtf</Filter>
    </ClInclude>
    <ClInclude Include="C:\work\15.1.1.1.0\EAWebKitSupportPackages\WTF\local\wtf\ThreadIdentifierDataPthreads.h">
      <Filter>wtf</Filter>
    </ClInclude>
    <ClInclude Include="C:\work\15.1.1.1.0\EAWebKitSupportPackages\WTF\local\wtf\Threading.h">
      <Filter>wtf</Filter>
    </ClInclude>
    <ClInclude Include="C:\work\15.1.1.1.0\EAWebKitSupportPackages\WTF\local\wtf\ThreadingPrimitives.h">
      <Filter>wtf</Filter>
    </ClInclude>
    <ClInclude Include="C:\work\15.1.1.1.0\EAWebKitSupportPackages\WTF\local\wtf\ThreadRestrictionVerifier.h">
      <Filter>wtf</Filter>
    </ClInclude>
    <ClInclude Include="C:\work\15.1.1.1.0\EAWebKitSupportPackages\WTF\local\wtf\ThreadSafeRefCounted.h">
      <Filter>wtf</Filter>
    </ClInclude>
    <ClInclude Include="C:\work\15.1.1.1.0\EAWebKitSupportPackages\WTF\local\wtf\ThreadSpecific.h">
      <Filter>wtf</Filter>
    </ClInclude>
    <ClInclude Include="C:\work\15.1.1.1.0\EAWebKitSupportPackages\WTF\local\wtf\TriState.h">
      <Filter>wtf</Filter>
    </ClInclude>
    <ClInclude Include="C:\work\15.1.1.1.0\EAWebKitSupportPackages\WTF\local\wtf\UnionFind.h">
      <Filter>wtf</Filter>
    </ClInclude>
    <ClInclude Include="C:\work\15.1.1.1.0\EAWebKitSupportPackages\WTF\local\wtf\UniStdExtras.h">
      <Filter>wtf</Filter>
    </ClInclude>
    <ClInclude Include="C:\work\15.1.1.1.0\EAWebKitSupportPackages\WTF\local\wtf\ValueCheck.h">
      <Filter>wtf</Filter>
    </ClInclude>
    <ClInclude Include="C:\work\15.1.1.1.0\EAWebKitSupportPackages\WTF\local\wtf\Vector.h">
      <Filter>wtf</Filter>
    </ClInclude>
    <ClInclude Include="C:\work\15.1.1.1.0\EAWebKitSupportPackages\WTF\local\wtf\VectorTraits.h">
      <Filter>wtf</Filter>
    </ClInclude>
    <ClInclude Include="C:\work\15.1.1.1.0\EAWebKitSupportPackages\WTF\local\wtf\VMTags.h">
      <Filter>wtf</Filter>
    </ClInclude>
    <ClInclude Include="C:\work\15.1.1.1.0\EAWebKitSupportPackages\WTF\local\wtf\WeakPtr.h">
      <Filter>wtf</Filter>
    </ClInclude>
    <ClInclude Include="C:\work\15.1.1.1.0\EAWebKitSupportPackages\WTF\local\wtf\WindowsExtras.h">
      <Filter>wtf</Filter>
    </ClInclude>
    <ClInclude Include="C:\work\15.1.1.1.0\EAWebKitSupportPackages\WTF\local\wtf\WTFThreadData.h">
      <Filter>wtf</Filter>
    </ClInclude>
    <ClInclude Include="C:\work\15.1.1.1.0\EAWebKitSupportPackages\WTF\local\wtf\dtoa\bignum.h">
      <Filter>wtf\dtoa</Filter>
    </ClInclude>
    <ClInclude Include="C:\work\15.1.1.1.0\EAWebKitSupportPackages\WTF\local\wtf\dtoa\bignum-dtoa.h">
      <Filter>wtf\dtoa</Filter>
    </ClInclude>
    <ClInclude Include="C:\work\15.1.1.1.0\EAWebKitSupportPackages\WTF\local\wtf\dtoa\cached-powers.h">
      <Filter>wtf\dtoa</Filter>
    </ClInclude>
    <ClInclude Include="C:\work\15.1.1.1.0\EAWebKitSupportPackages\WTF\local\wtf\dtoa\diy-fp.h">
      <Filter>wtf\dtoa</Filter>
    </ClInclude>
    <ClInclude Include="C:\work\15.1.1.1.0\EAWebKitSupportPackages\WTF\local\wtf\dtoa\double.h">
      <Filter>wtf\dtoa</Filter>
    </ClInclude>
    <ClInclude Include="C:\work\15.1.1.1.0\EAWebKitSupportPackages\WTF\local\wtf\dtoa\double-conversion.h">
      <Filter>wtf\dtoa</Filter>
    </ClInclude>
    <ClInclude Include="C:\work\15.1.1.1.0\EAWebKitSupportPackages\WTF\local\wtf\dtoa\fast-dtoa.h">
      <Filter>wtf\dtoa</Filter>
    </ClInclude>
    <ClInclude Include="C:\work\15.1.1.1.0\EAWebKitSupportPackages\WTF\local\wtf\dtoa\fixed-dtoa.h">
      <Filter>wtf\dtoa</Filter>
    </ClInclude>
    <ClInclude Include="C:\work\15.1.1.1.0\EAWebKitSupportPackages\WTF\local\wtf\dtoa\strtod.h">
      <Filter>wtf\dtoa</Filter>
    </ClInclude>
    <ClInclude Include="C:\work\15.1.1.1.0\EAWebKitSupportPackages\WTF\local\wtf\dtoa\utils.h">
      <Filter>wtf\dtoa</Filter>
    </ClInclude>
    <ClInclude Include="C:\work\15.1.1.1.0\EAWebKitSupportPackages\WTF\local\wtf\ea\FeatureDefinesEA.h">
      <Filter>wtf\ea</Filter>
    </ClInclude>
    <ClInclude Include="C:\work\15.1.1.1.0\EAWebKitSupportPackages\WTF\local\wtf\ea\PlatformEA.h">
      <Filter>wtf\ea</Filter>
    </ClInclude>
    <ClInclude Include="C:\work\15.1.1.1.0\EAWebKitSupportPackages\WTF\local\wtf\efl\RefPtrEfl.h">
      <Filter>wtf\efl</Filter>
    </ClInclude>
    <ClInclude Include="C:\work\15.1.1.1.0\EAWebKitSupportPackages\WTF\local\wtf\gobject\GlibUtilities.h">
      <Filter>wtf\gobject</Filter>
    </ClInclude>
    <ClInclude Include="C:\work\15.1.1.1.0\EAWebKitSupportPackages\WTF\local\wtf\gobject\GMutexLocker.h">
      <Filter>wtf\gobject</Filter>
    </ClInclude>
    <ClInclude Include="C:\work\15.1.1.1.0\EAWebKitSupportPackages\WTF\local\wtf\gobject\GOwnPtr.h">
      <Filter>wtf\gobject</Filter>
    </ClInclude>
    <ClInclude Include="C:\work\15.1.1.1.0\EAWebKitSupportPackages\WTF\local\wtf\gobject\GRefPtr.h">
      <Filter>wtf\gobject</Filter>
    </ClInclude>
    <ClInclude Include="C:\work\15.1.1.1.0\EAWebKitSupportPackages\WTF\local\wtf\gobject\GTypedefs.h">
      <Filter>wtf\gobject</Filter>
    </ClInclude>
    <ClInclude Include="C:\work\15.1.1.1.0\EAWebKitSupportPackages\WTF\local\wtf\ios\WebCoreThread.h">
      <Filter>wtf\ios</Filter>
    </ClInclude>
    <ClInclude Include="C:\work\15.1.1.1.0\EAWebKitSupportPackages\WTF\local\wtf\nix\FeatureDefinesNix.h">
      <Filter>wtf\nix</Filter>
    </ClInclude>
    <ClInclude Include="C:\work\15.1.1.1.0\EAWebKitSupportPackages\WTF\local\wtf\nix\PlatformNix.h">
      <Filter>wtf\nix</Filter>
    </ClInclude>
    <ClInclude Include="C:\work\15.1.1.1.0\EAWebKitSupportPackages\WTF\local\wtf\text\ASCIIFastPath.h">
      <Filter>wtf\text</Filter>
    </ClInclude>
    <ClInclude Include="C:\work\15.1.1.1.0\EAWebKitSupportPackages\WTF\local\wtf\text\AtomicString.h">
      <Filter>wtf\text</Filter>
    </ClInclude>
    <ClInclude Include="C:\work\15.1.1.1.0\EAWebKitSupportPackages\WTF\local\wtf\text\AtomicStringHash.h">
      <Filter>wtf\text</Filter>
    </ClInclude>
    <ClInclude Include="C:\work\15.1.1.1.0\EAWebKitSupportPackages\WTF\local\wtf\text\AtomicStringImpl.h">
      <Filter>wtf\text</Filter>
    </ClInclude>
    <ClInclude Include="C:\work\15.1.1.1.0\EAWebKitSupportPackages\WTF\local\wtf\text\AtomicStringTable.h">
      <Filter>wtf\text</Filter>
    </ClInclude>
    <ClInclude Include="C:\work\15.1.1.1.0\EAWebKitSupportPackages\WTF\local\wtf\text\Base64.h">
      <Filter>wtf\text</Filter>
    </ClInclude>
    <ClInclude Include="C:\work\15.1.1.1.0\EAWebKitSupportPackages\WTF\local\wtf\text\ConversionMode.h">
      <Filter>wtf\text</Filter>
    </ClInclude>
    <ClInclude Include="C:\work\15.1.1.1.0\EAWebKitSupportPackages\WTF\local\wtf\text\CString.h">
      <Filter>wtf\text</Filter>
    </ClInclude>
    <ClInclude Include="C:\work\15.1.1.1.0\EAWebKitSupportPackages\WTF\local\wtf\text\IntegerToStringConversion.h">
      <Filter>wtf\text</Filter>
    </ClInclude>
    <ClInclude Include="C:\work\15.1.1.1.0\EAWebKitSupportPackages\WTF\local\wtf\text\StringBuffer.h">
      <Filter>wtf\text</Filter>
    </ClInclude>
    <ClInclude Include="C:\work\15.1.1.1.0\EAWebKitSupportPackages\WTF\local\wtf\text\StringBuilder.h">
      <Filter>wtf\text</Filter>
    </ClInclude>
    <ClInclude Include="C:\work\15.1.1.1.0\EAWebKitSupportPackages\WTF\local\wtf\text\StringConcatenate.h">
      <Filter>wtf\text</Filter>
    </ClInclude>
    <ClInclude Include="C:\work\15.1.1.1.0\EAWebKitSupportPackages\WTF\local\wtf\text\StringHash.h">
      <Filter>wtf\text</Filter>
    </ClInclude>
    <ClInclude Include="C:\work\15.1.1.1.0\EAWebKitSupportPackages\WTF\local\wtf\text\StringImpl.h">
      <Filter>wtf\text</Filter>
    </ClInclude>
    <ClInclude Include="C:\work\15.1.1.1.0\EAWebKitSupportPackages\WTF\local\wtf\text\StringOperators.h">
      <Filter>wtf\text</Filter>
    </ClInclude>
    <ClInclude Include="C:\work\15.1.1.1.0\EAWebKitSupportPackages\WTF\local\wtf\text\TextPosition.h">
      <Filter>wtf\text</Filter>
    </ClInclude>
    <ClInclude Include="C:\work\15.1.1.1.0\EAWebKitSupportPackages\WTF\local\wtf\text\WTFString.h">
      <Filter>wtf\text</Filter>
    </ClInclude>
    <ClInclude Include="C:\work\15.1.1.1.0\EAWebKitSupportPackages\WTF\local\wtf\threads\BinarySemaphore.h">
      <Filter>wtf\threads</Filter>
    </ClInclude>
    <ClInclude Include="C:\work\15.1.1.1.0\EAWebKitSupportPackages\WTF\local\wtf\unicode\CharacterNames.h">
      <Filter>wtf\unicode</Filter>
    </ClInclude>
    <ClInclude Include="C:\work\15.1.1.1.0\EAWebKitSupportPackages\WTF\local\wtf\unicode\Collator.h">
      <Filter>wtf\unicode</Filter>
    </ClInclude>
    <ClInclude Include="C:\work\15.1.1.1.0\EAWebKitSupportPackages\WTF\local\wtf\unicode\ScriptCodesFromICU.h">
      <Filter>wtf\unicode</Filter>
    </ClInclude>
    <ClInclude Include="C:\work\15.1.1.1.0\EAWebKitSupportPackages\WTF\local\wtf\unicode\Unicode.h">
      <Filter>wtf\unicode</Filter>
    </ClInclude>
    <ClInclude Include="C:\work\15.1.1.1.0\EAWebKitSupportPackages\WTF\local\wtf\unicode\UnicodeMacrosFromICU.h">
      <Filter>wtf\unicode</Filter>
    </ClInclude>
    <ClInclude Include="C:\work\15.1.1.1.0\EAWebKitSupportPackages\WTF\local\wtf\unicode\UTF8.h">
      <Filter>wtf\unicode</Filter>
    </ClInclude>
    <ClInclude Include="C:\work\15.1.1.1.0\EAWebKitSupportPackages\WTF\local\wtf\unicode\icu\UnicodeIcu.h">
      <Filter>wtf\unicode\icu</Filter>
    </ClInclude>
    <ClInclude Include="C:\work\15.1.1.1.0\EAWebKitSupportPackages\WTF\local\wtf\unicode\wchar\UnicodeWchar.h">
      <Filter>wtf\unicode\wchar</Filter>
    </ClInclude>
    <ClInclude Include="C:\work\15.1.1.1.0\EAWebKitSupportPackages\WTF\local\wtf\win\GDIObject.h">
      <Filter>wtf\win</Filter>
    </ClInclude>
  </ItemGroup>
  <ItemGroup>
    <ClCompile Include="C:\work\15.1.1.1.0\EAWebKitSupportPackages\WTF\local\wtf\Assertions.cpp">
      <Filter>wtf</Filter>
    </ClCompile>
    <ClCompile Include="C:\work\15.1.1.1.0\EAWebKitSupportPackages\WTF\local\wtf\BitVector.cpp">
      <Filter>wtf</Filter>
    </ClCompile>
    <ClCompile Include="C:\work\15.1.1.1.0\EAWebKitSupportPackages\WTF\local\wtf\CompilationThread.cpp">
      <Filter>wtf</Filter>
    </ClCompile>
    <ClCompile Include="C:\work\15.1.1.1.0\EAWebKitSupportPackages\WTF\local\wtf\Compression.cpp">
      <Filter>wtf</Filter>
    </ClCompile>
    <ClCompile Include="C:\work\15.1.1.1.0\EAWebKitSupportPackages\WTF\local\wtf\CryptographicallyRandomNumber.cpp">
      <Filter>wtf</Filter>
    </ClCompile>
    <ClCompile Include="C:\work\15.1.1.1.0\EAWebKitSupportPackages\WTF\local\wtf\CurrentTime.cpp">
      <Filter>wtf</Filter>
    </ClCompile>
    <ClCompile Include="C:\work\15.1.1.1.0\EAWebKitSupportPackages\WTF\local\wtf\DataLog.cpp">
      <Filter>wtf</Filter>
    </ClCompile>
    <ClCompile Include="C:\work\15.1.1.1.0\EAWebKitSupportPackages\WTF\local\wtf\DateMath.cpp">
      <Filter>wtf</Filter>
    </ClCompile>
    <ClCompile Include="C:\work\15.1.1.1.0\EAWebKitSupportPackages\WTF\local\wtf\DecimalNumber.cpp">
      <Filter>wtf</Filter>
    </ClCompile>
    <ClCompile Include="C:\work\15.1.1.1.0\EAWebKitSupportPackages\WTF\local\wtf\dtoa.cpp">
      <Filter>wtf</Filter>
    </ClCompile>
    <ClCompile Include="C:\work\15.1.1.1.0\EAWebKitSupportPackages\WTF\local\wtf\DynamicAnnotations.cpp">
      <Filter>wtf</Filter>
    </ClCompile>
    <ClCompile Include="C:\work\15.1.1.1.0\EAWebKitSupportPackages\WTF\local\wtf\FilePrintStream.cpp">
      <Filter>wtf</Filter>
    </ClCompile>
    <ClCompile Include="C:\work\15.1.1.1.0\EAWebKitSupportPackages\WTF\local\wtf\FunctionDispatcher.cpp">
      <Filter>wtf</Filter>
    </ClCompile>
    <ClCompile Include="C:\work\15.1.1.1.0\EAWebKitSupportPackages\WTF\local\wtf\GregorianDateTime.cpp">
      <Filter>wtf</Filter>
    </ClCompile>
    <ClCompile Include="C:\work\15.1.1.1.0\EAWebKitSupportPackages\WTF\local\wtf\HashTable.cpp">
      <Filter>wtf</Filter>
    </ClCompile>
    <ClCompile Include="C:\work\15.1.1.1.0\EAWebKitSupportPackages\WTF\local\wtf\MainThread.cpp">
      <Filter>wtf</Filter>
    </ClCompile>
    <ClCompile Include="C:\work\15.1.1.1.0\EAWebKitSupportPackages\WTF\local\wtf\MD5.cpp">
      <Filter>wtf</Filter>
    </ClCompile>
    <ClCompile Include="C:\work\15.1.1.1.0\EAWebKitSupportPackages\WTF\local\wtf\MediaTime.cpp">
      <Filter>wtf</Filter>
    </ClCompile>
    <ClCompile Include="C:\work\15.1.1.1.0\EAWebKitSupportPackages\WTF\local\wtf\MetaAllocator.cpp">
      <Filter>wtf</Filter>
    </ClCompile>
    <ClCompile Include="C:\work\15.1.1.1.0\EAWebKitSupportPackages\WTF\local\wtf\NumberOfCores.cpp">
      <Filter>wtf</Filter>
    </ClCompile>
    <ClCompile Include="C:\work\15.1.1.1.0\EAWebKitSupportPackages\WTF\local\wtf\OSRandomSource.cpp">
      <Filter>wtf</Filter>
    </ClCompile>
    <ClCompile Include="C:\work\15.1.1.1.0\EAWebKitSupportPackages\WTF\local\wtf\PageAllocationAligned.cpp">
      <Filter>wtf</Filter>
    </ClCompile>
    <ClCompile Include="C:\work\15.1.1.1.0\EAWebKitSupportPackages\WTF\local\wtf\PageBlock.cpp">
      <Filter>wtf</Filter>
    </ClCompile>
    <ClCompile Include="C:\work\15.1.1.1.0\EAWebKitSupportPackages\WTF\local\wtf\ParallelJobsGeneric.cpp">
      <Filter>wtf</Filter>
    </ClCompile>
    <ClCompile Include="C:\work\15.1.1.1.0\EAWebKitSupportPackages\WTF\local\wtf\PrintStream.cpp">
      <Filter>wtf</Filter>
    </ClCompile>
    <ClCompile Include="C:\work\15.1.1.1.0\EAWebKitSupportPackages\WTF\local\wtf\RAMSize.cpp">
      <Filter>wtf</Filter>
    </ClCompile>
    <ClCompile Include="C:\work\15.1.1.1.0\EAWebKitSupportPackages\WTF\local\wtf\RandomNumber.cpp">
      <Filter>wtf</Filter>
    </ClCompile>
    <ClCompile Include="C:\work\15.1.1.1.0\EAWebKitSupportPackages\WTF\local\wtf\RefCountedLeakCounter.cpp">
      <Filter>wtf</Filter>
    </ClCompile>
    <ClCompile Include="C:\work\15.1.1.1.0\EAWebKitSupportPackages\WTF\local\wtf\SHA1.cpp">
      <Filter>wtf</Filter>
    </ClCompile>
    <ClCompile Include="C:\work\15.1.1.1.0\EAWebKitSupportPackages\WTF\local\wtf\SixCharacterHash.cpp">
      <Filter>wtf</Filter>
    </ClCompile>
    <ClCompile Include="C:\work\15.1.1.1.0\EAWebKitSupportPackages\WTF\local\wtf\SizeLimits.cpp">
      <Filter>wtf</Filter>
    </ClCompile>
    <ClCompile Include="C:\work\15.1.1.1.0\EAWebKitSupportPackages\WTF\local\wtf\StackBounds.cpp">
      <Filter>wtf</Filter>
    </ClCompile>
    <ClCompile Include="C:\work\15.1.1.1.0\EAWebKitSupportPackages\WTF\local\wtf\StringPrintStream.cpp">
      <Filter>wtf</Filter>
    </ClCompile>
    <ClCompile Include="C:\work\15.1.1.1.0\EAWebKitSupportPackages\WTF\local\wtf\Threading.cpp">
      <Filter>wtf</Filter>
    </ClCompile>
    <ClCompile Include="C:\work\15.1.1.1.0\EAWebKitSupportPackages\WTF\local\wtf\WTFThreadData.cpp">
      <Filter>wtf</Filter>
    </ClCompile>
    <ClCompile Include="C:\work\15.1.1.1.0\EAWebKitSupportPackages\WTF\local\wtf\dtoa\bignum.cc">
      <Filter>wtf\dtoa</Filter>
    </ClCompile>
    <ClCompile Include="C:\work\15.1.1.1.0\EAWebKitSupportPackages\WTF\local\wtf\dtoa\bignum-dtoa.cc">
      <Filter>wtf\dtoa</Filter>
    </ClCompile>
    <ClCompile Include="C:\work\15.1.1.1.0\EAWebKitSupportPackages\WTF\local\wtf\dtoa\cached-powers.cc">
      <Filter>wtf\dtoa</Filter>
    </ClCompile>
    <ClCompile Include="C:\work\15.1.1.1.0\EAWebKitSupportPackages\WTF\local\wtf\dtoa\diy-fp.cc">
      <Filter>wtf\dtoa</Filter>
    </ClCompile>
    <ClCompile Include="C:\work\15.1.1.1.0\EAWebKitSupportPackages\WTF\local\wtf\dtoa\double-conversion.cc">
      <Filter>wtf\dtoa</Filter>
    </ClCompile>
    <ClCompile Include="C:\work\15.1.1.1.0\EAWebKitSupportPackages\WTF\local\wtf\dtoa\fast-dtoa.cc">
      <Filter>wtf\dtoa</Filter>
    </ClCompile>
    <ClCompile Include="C:\work\15.1.1.1.0\EAWebKitSupportPackages\WTF\local\wtf\dtoa\fixed-dtoa.cc">
      <Filter>wtf\dtoa</Filter>
    </ClCompile>
    <ClCompile Include="C:\work\15.1.1.1.0\EAWebKitSupportPackages\WTF\local\wtf\dtoa\strtod.cc">
      <Filter>wtf\dtoa</Filter>
    </ClCompile>
    <ClCompile Include="C:\work\15.1.1.1.0\EAWebKitSupportPackages\WTF\local\wtf\ea\MainThreadEA.cpp">
      <Filter>wtf\ea</Filter>
    </ClCompile>
    <ClCompile Include="C:\work\15.1.1.1.0\EAWebKitSupportPackages\WTF\local\wtf\ea\OSAllocatorEA.cpp">
      <Filter>wtf\ea</Filter>
    </ClCompile>
    <ClCompile Include="C:\work\15.1.1.1.0\EAWebKitSupportPackages\WTF\local\wtf\ea\ThreadingEA.cpp">
      <Filter>wtf\ea</Filter>
    </ClCompile>
    <ClCompile Include="C:\work\15.1.1.1.0\EAWebKitSupportPackages\WTF\local\wtf\text\AtomicString.cpp">
      <Filter>wtf\text</Filter>
    </ClCompile>
    <ClCompile Include="C:\work\15.1.1.1.0\EAWebKitSupportPackages\WTF\local\wtf\text\AtomicStringTable.cpp">
      <Filter>wtf\text</Filter>
    </ClCompile>
    <ClCompile Include="C:\work\15.1.1.1.0\EAWebKitSupportPackages\WTF\local\wtf\text\Base64.cpp">
      <Filter>wtf\text</Filter>
    </ClCompile>
    <ClCompile Include="C:\work\15.1.1.1.0\EAWebKitSupportPackages\WTF\local\wtf\text\CString.cpp">
      <Filter>wtf\text</Filter>
    </ClCompile>
    <ClCompile Include="C:\work\15.1.1.1.0\EAWebKitSupportPackages\WTF\local\wtf\text\StringBuilder.cpp">
      <Filter>wtf\text</Filter>
    </ClCompile>
    <ClCompile Include="C:\work\15.1.1.1.0\EAWebKitSupportPackages\WTF\local\wtf\text\StringImpl.cpp">
      <Filter>wtf\text</Filter>
    </ClCompile>
    <ClCompile Include="C:\work\15.1.1.1.0\EAWebKitSupportPackages\WTF\local\wtf\text\StringStatics.cpp">
      <Filter>wtf\text</Filter>
    </ClCompile>
    <ClCompile Include="C:\work\15.1.1.1.0\EAWebKitSupportPackages\WTF\local\wtf\text\WTFString.cpp">
      <Filter>wtf\text</Filter>
    </ClCompile>
    <ClCompile Include="C:\work\15.1.1.1.0\EAWebKitSupportPackages\WTF\local\wtf\unicode\UTF8.cpp">
      <Filter>wtf\unicode</Filter>
    </ClCompile>
    <ClCompile Include="C:\work\15.1.1.1.0\EAWebKitSupportPackages\WTF\local\wtf\unicode\ea\CollatorEA.cpp">
      <Filter>wtf\unicode\ea</Filter>
    </ClCompile>
    <ClCompile Include="C:\work\15.1.1.1.0\EAWebKitSupportPackages\WTF\local\wtf\unicode\ea\UnicodeEA.cpp">
      <Filter>wtf\unicode\ea</Filter>
    </ClCompile>
  </ItemGroup>
</Project>