<?xml version="1.0" encoding="utf-8"?>
<Project ToolsVersion="15.0" xmlns="http://schemas.microsoft.com/developer/msbuild/2003">
  <ItemGroup>
    <Filter Include="include">
      <UniqueIdentifier>{0FEB36D4-DED9-B510-4A82-8CE6435F7E81}</UniqueIdentifier>
    </Filter>
    <Filter Include="include\freetype">
      <UniqueIdentifier>{02886671-0E41-ACE3-AEFB-20C89220DCCE}</UniqueIdentifier>
    </Filter>
    <Filter Include="include\freetype\config">
      <UniqueIdentifier>{669B3EF6-30B4-7809-1E42-FCC7649E39FD}</UniqueIdentifier>
    </Filter>
    <Filter Include="include\freetype\internal">
      <UniqueIdentifier>{8D13A176-9897-ED5A-B1DE-445FEF36B659}</UniqueIdentifier>
    </Filter>
    <Filter Include="include\freetype\internal\services">
      <UniqueIdentifier>{893DCD1A-9543-4F23-440E-D09FDF1639B5}</UniqueIdentifier>
    </Filter>
    <Filter Include="src">
      <UniqueIdentifier>{C202D925-8342-8CAB-FBAC-54DFA101AD31}</UniqueIdentifier>
    </Filter>
    <Filter Include="src\autofit">
      <UniqueIdentifier>{8829302F-756C-1C70-2686-ED132C5A15AC}</UniqueIdentifier>
    </Filter>
    <Filter Include="src\base">
      <UniqueIdentifier>{831FDABF-08DC-C754-F574-A063919E6CDD}</UniqueIdentifier>
    </Filter>
    <Filter Include="src\bdf">
      <UniqueIdentifier>{196D476E-7145-B7E4-C2F7-D0BBD674B8CD}</UniqueIdentifier>
    </Filter>
    <Filter Include="src\cache">
      <UniqueIdentifier>{3569E875-A742-CEF5-8298-E28526A49F36}</UniqueIdentifier>
    </Filter>
    <Filter Include="src\cff">
      <UniqueIdentifier>{45D72DA7-D044-6C5A-2F97-04C970EDF7B3}</UniqueIdentifier>
    </Filter>
    <Filter Include="src\cid">
      <UniqueIdentifier>{A2EC3AF4-2FFA-E5C7-1DA7-3D25DB4FC855}</UniqueIdentifier>
    </Filter>
    <Filter Include="src\gzip">
      <UniqueIdentifier>{48FD26CB-7A93-84DB-CE40-D8543375ACDA}</UniqueIdentifier>
    </Filter>
    <Filter Include="src\lzw">
      <UniqueIdentifier>{D8AF07E5-A076-3F9A-3E7D-2E4AB81CB048}</UniqueIdentifier>
    </Filter>
    <Filter Include="src\pcf">
      <UniqueIdentifier>{F7BB285D-9C0F-23BF-8C00-8D41E15FBACC}</UniqueIdentifier>
    </Filter>
    <Filter Include="src\pfr">
      <UniqueIdentifier>{D435960D-AB6C-3287-E230-1AD3CEFB6038}</UniqueIdentifier>
    </Filter>
    <Filter Include="src\psaux">
      <UniqueIdentifier>{76EB2176-6C9F-572C-91BE-84ED9901D8A6}</UniqueIdentifier>
    </Filter>
    <Filter Include="src\pshinter">
      <UniqueIdentifier>{D0BFC194-E7EF-6C53-20A6-154C72FDDB7C}</UniqueIdentifier>
    </Filter>
    <Filter Include="src\psnames">
      <UniqueIdentifier>{56102623-44E1-33D1-2DF7-ABE6E732E470}</UniqueIdentifier>
    </Filter>
    <Filter Include="src\raster">
      <UniqueIdentifier>{2FE7EDD5-6350-439F-0DB8-BB282941E20D}</UniqueIdentifier>
    </Filter>
    <Filter Include="src\sfnt">
      <UniqueIdentifier>{69AF9283-4774-093D-709B-62231FDDAA5E}</UniqueIdentifier>
    </Filter>
    <Filter Include="src\smooth">
      <UniqueIdentifier>{CDFE5CEF-45D8-7B6A-A710-B67FAA55A954}</UniqueIdentifier>
    </Filter>
    <Filter Include="src\truetype">
      <UniqueIdentifier>{5D0A1D31-9D67-EEB5-FEF1-1CBB42DF3FD5}</UniqueIdentifier>
    </Filter>
    <Filter Include="src\type1">
      <UniqueIdentifier>{A7C78054-FCAC-BA54-8550-DDF742A5A08F}</UniqueIdentifier>
    </Filter>
    <Filter Include="src\type42">
      <UniqueIdentifier>{DF716DD8-E3DE-D716-7F89-B2BA80A3167B}</UniqueIdentifier>
    </Filter>
    <Filter Include="src\winfonts">
      <UniqueIdentifier>{8380DFA6-2B30-8FF2-F469-2683CA810BC1}</UniqueIdentifier>
    </Filter>
  </ItemGroup>
  <ItemGroup>
    <ClInclude Include="..\..\..\..\EAWebKitSupportPackages\FreeType\local_2.9.0.02\installed\include\freetype\config\ftconfig.h">
      <Filter>include\freetype\config</Filter>
    </ClInclude>
    <ClInclude Include="..\..\..\..\EAWebKitSupportPackages\FreeType\local_2.9.0.02\installed\include\freetype\config\ftheader.h">
      <Filter>include\freetype\config</Filter>
    </ClInclude>
    <ClInclude Include="..\..\..\..\EAWebKitSupportPackages\FreeType\local_2.9.0.02\installed\include\freetype\config\ftmodule.h">
      <Filter>include\freetype\config</Filter>
    </ClInclude>
    <ClInclude Include="..\..\..\..\EAWebKitSupportPackages\FreeType\local_2.9.0.02\installed\include\freetype\config\ftoption.h">
      <Filter>include\freetype\config</Filter>
    </ClInclude>
    <ClInclude Include="..\..\..\..\EAWebKitSupportPackages\FreeType\local_2.9.0.02\installed\include\freetype\config\ftstdlib.h">
      <Filter>include\freetype\config</Filter>
    </ClInclude>
    <ClInclude Include="..\..\..\..\EAWebKitSupportPackages\FreeType\local_2.9.0.02\installed\include\freetype\freetype.h">
      <Filter>include\freetype</Filter>
    </ClInclude>
    <ClInclude Include="..\..\..\..\EAWebKitSupportPackages\FreeType\local_2.9.0.02\installed\include\freetype\ftadvanc.h">
      <Filter>include\freetype</Filter>
    </ClInclude>
    <ClInclude Include="..\..\..\..\EAWebKitSupportPackages\FreeType\local_2.9.0.02\installed\include\freetype\ftbbox.h">
      <Filter>include\freetype</Filter>
    </ClInclude>
    <ClInclude Include="..\..\..\..\EAWebKitSupportPackages\FreeType\local_2.9.0.02\installed\include\freetype\ftbdf.h">
      <Filter>include\freetype</Filter>
    </ClInclude>
    <ClInclude Include="..\..\..\..\EAWebKitSupportPackages\FreeType\local_2.9.0.02\installed\include\freetype\ftbitmap.h">
      <Filter>include\freetype</Filter>
    </ClInclude>
    <ClInclude Include="..\..\..\..\EAWebKitSupportPackages\FreeType\local_2.9.0.02\installed\include\freetype\ftbzip2.h">
      <Filter>include\freetype</Filter>
    </ClInclude>
    <ClInclude Include="..\..\..\..\EAWebKitSupportPackages\FreeType\local_2.9.0.02\installed\include\freetype\ftcache.h">
      <Filter>include\freetype</Filter>
    </ClInclude>
    <ClInclude Include="..\..\..\..\EAWebKitSupportPackages\FreeType\local_2.9.0.02\installed\include\freetype\ftchapters.h">
      <Filter>include\freetype</Filter>
    </ClInclude>
    <ClInclude Include="..\..\..\..\EAWebKitSupportPackages\FreeType\local_2.9.0.02\installed\include\freetype\ftcid.h">
      <Filter>include\freetype</Filter>
    </ClInclude>
    <ClInclude Include="..\..\..\..\EAWebKitSupportPackages\FreeType\local_2.9.0.02\installed\include\freetype\ftdriver.h">
      <Filter>include\freetype</Filter>
    </ClInclude>
    <ClInclude Include="..\..\..\..\EAWebKitSupportPackages\FreeType\local_2.9.0.02\installed\include\freetype\fterrdef.h">
      <Filter>include\freetype</Filter>
    </ClInclude>
    <ClInclude Include="..\..\..\..\EAWebKitSupportPackages\FreeType\local_2.9.0.02\installed\include\freetype\fterrors.h">
      <Filter>include\freetype</Filter>
    </ClInclude>
    <ClInclude Include="..\..\..\..\EAWebKitSupportPackages\FreeType\local_2.9.0.02\installed\include\freetype\ftfntfmt.h">
      <Filter>include\freetype</Filter>
    </ClInclude>
    <ClInclude Include="..\..\..\..\EAWebKitSupportPackages\FreeType\local_2.9.0.02\installed\include\freetype\ftgasp.h">
      <Filter>include\freetype</Filter>
    </ClInclude>
    <ClInclude Include="..\..\..\..\EAWebKitSupportPackages\FreeType\local_2.9.0.02\installed\include\freetype\ftglyph.h">
      <Filter>include\freetype</Filter>
    </ClInclude>
    <ClInclude Include="..\..\..\..\EAWebKitSupportPackages\FreeType\local_2.9.0.02\installed\include\freetype\ftgxval.h">
      <Filter>include\freetype</Filter>
    </ClInclude>
    <ClInclude Include="..\..\..\..\EAWebKitSupportPackages\FreeType\local_2.9.0.02\installed\include\freetype\ftgzip.h">
      <Filter>include\freetype</Filter>
    </ClInclude>
    <ClInclude Include="..\..\..\..\EAWebKitSupportPackages\FreeType\local_2.9.0.02\installed\include\freetype\ftimage.h">
      <Filter>include\freetype</Filter>
    </ClInclude>
    <ClInclude Include="..\..\..\..\EAWebKitSupportPackages\FreeType\local_2.9.0.02\installed\include\freetype\ftincrem.h">
      <Filter>include\freetype</Filter>
    </ClInclude>
    <ClInclude Include="..\..\..\..\EAWebKitSupportPackages\FreeType\local_2.9.0.02\installed\include\freetype\ftlcdfil.h">
      <Filter>include\freetype</Filter>
    </ClInclude>
    <ClInclude Include="..\..\..\..\EAWebKitSupportPackages\FreeType\local_2.9.0.02\installed\include\freetype\ftlist.h">
      <Filter>include\freetype</Filter>
    </ClInclude>
    <ClInclude Include="..\..\..\..\EAWebKitSupportPackages\FreeType\local_2.9.0.02\installed\include\freetype\ftlzw.h">
      <Filter>include\freetype</Filter>
    </ClInclude>
    <ClInclude Include="..\..\..\..\EAWebKitSupportPackages\FreeType\local_2.9.0.02\installed\include\freetype\ftmac.h">
      <Filter>include\freetype</Filter>
    </ClInclude>
    <ClInclude Include="..\..\..\..\EAWebKitSupportPackages\FreeType\local_2.9.0.02\installed\include\freetype\ftmm.h">
      <Filter>include\freetype</Filter>
    </ClInclude>
    <ClInclude Include="..\..\..\..\EAWebKitSupportPackages\FreeType\local_2.9.0.02\installed\include\freetype\ftmodapi.h">
      <Filter>include\freetype</Filter>
    </ClInclude>
    <ClInclude Include="..\..\..\..\EAWebKitSupportPackages\FreeType\local_2.9.0.02\installed\include\freetype\ftmoderr.h">
      <Filter>include\freetype</Filter>
    </ClInclude>
    <ClInclude Include="..\..\..\..\EAWebKitSupportPackages\FreeType\local_2.9.0.02\installed\include\freetype\ftotval.h">
      <Filter>include\freetype</Filter>
    </ClInclude>
    <ClInclude Include="..\..\..\..\EAWebKitSupportPackages\FreeType\local_2.9.0.02\installed\include\freetype\ftoutln.h">
      <Filter>include\freetype</Filter>
    </ClInclude>
    <ClInclude Include="..\..\..\..\EAWebKitSupportPackages\FreeType\local_2.9.0.02\installed\include\freetype\ftparams.h">
      <Filter>include\freetype</Filter>
    </ClInclude>
    <ClInclude Include="..\..\..\..\EAWebKitSupportPackages\FreeType\local_2.9.0.02\installed\include\freetype\ftpfr.h">
      <Filter>include\freetype</Filter>
    </ClInclude>
    <ClInclude Include="..\..\..\..\EAWebKitSupportPackages\FreeType\local_2.9.0.02\installed\include\freetype\ftrender.h">
      <Filter>include\freetype</Filter>
    </ClInclude>
    <ClInclude Include="..\..\..\..\EAWebKitSupportPackages\FreeType\local_2.9.0.02\installed\include\freetype\ftsizes.h">
      <Filter>include\freetype</Filter>
    </ClInclude>
    <ClInclude Include="..\..\..\..\EAWebKitSupportPackages\FreeType\local_2.9.0.02\installed\include\freetype\ftsnames.h">
      <Filter>include\freetype</Filter>
    </ClInclude>
    <ClInclude Include="..\..\..\..\EAWebKitSupportPackages\FreeType\local_2.9.0.02\installed\include\freetype\ftstroke.h">
      <Filter>include\freetype</Filter>
    </ClInclude>
    <ClInclude Include="..\..\..\..\EAWebKitSupportPackages\FreeType\local_2.9.0.02\installed\include\freetype\ftsynth.h">
      <Filter>include\freetype</Filter>
    </ClInclude>
    <ClInclude Include="..\..\..\..\EAWebKitSupportPackages\FreeType\local_2.9.0.02\installed\include\freetype\ftsystem.h">
      <Filter>include\freetype</Filter>
    </ClInclude>
    <ClInclude Include="..\..\..\..\EAWebKitSupportPackages\FreeType\local_2.9.0.02\installed\include\freetype\fttrigon.h">
      <Filter>include\freetype</Filter>
    </ClInclude>
    <ClInclude Include="..\..\..\..\EAWebKitSupportPackages\FreeType\local_2.9.0.02\installed\include\freetype\fttypes.h">
      <Filter>include\freetype</Filter>
    </ClInclude>
    <ClInclude Include="..\..\..\..\EAWebKitSupportPackages\FreeType\local_2.9.0.02\installed\include\freetype\ftwinfnt.h">
      <Filter>include\freetype</Filter>
    </ClInclude>
    <ClInclude Include="..\..\..\..\EAWebKitSupportPackages\FreeType\local_2.9.0.02\installed\include\freetype\internal\autohint.h">
      <Filter>include\freetype\internal</Filter>
    </ClInclude>
    <ClInclude Include="..\..\..\..\EAWebKitSupportPackages\FreeType\local_2.9.0.02\installed\include\freetype\internal\cffotypes.h">
      <Filter>include\freetype\internal</Filter>
    </ClInclude>
    <ClInclude Include="..\..\..\..\EAWebKitSupportPackages\FreeType\local_2.9.0.02\installed\include\freetype\internal\cfftypes.h">
      <Filter>include\freetype\internal</Filter>
    </ClInclude>
    <ClInclude Include="..\..\..\..\EAWebKitSupportPackages\FreeType\local_2.9.0.02\installed\include\freetype\internal\ftcalc.h">
      <Filter>include\freetype\internal</Filter>
    </ClInclude>
    <ClInclude Include="..\..\..\..\EAWebKitSupportPackages\FreeType\local_2.9.0.02\installed\include\freetype\internal\ftdebug.h">
      <Filter>include\freetype\internal</Filter>
    </ClInclude>
    <ClInclude Include="..\..\..\..\EAWebKitSupportPackages\FreeType\local_2.9.0.02\installed\include\freetype\internal\ftdrv.h">
      <Filter>include\freetype\internal</Filter>
    </ClInclude>
    <ClInclude Include="..\..\..\..\EAWebKitSupportPackages\FreeType\local_2.9.0.02\installed\include\freetype\internal\ftgloadr.h">
      <Filter>include\freetype\internal</Filter>
    </ClInclude>
    <ClInclude Include="..\..\..\..\EAWebKitSupportPackages\FreeType\local_2.9.0.02\installed\include\freetype\internal\fthash.h">
      <Filter>include\freetype\internal</Filter>
    </ClInclude>
    <ClInclude Include="..\..\..\..\EAWebKitSupportPackages\FreeType\local_2.9.0.02\installed\include\freetype\internal\ftmemory.h">
      <Filter>include\freetype\internal</Filter>
    </ClInclude>
    <ClInclude Include="..\..\..\..\EAWebKitSupportPackages\FreeType\local_2.9.0.02\installed\include\freetype\internal\ftobjs.h">
      <Filter>include\freetype\internal</Filter>
    </ClInclude>
    <ClInclude Include="..\..\..\..\EAWebKitSupportPackages\FreeType\local_2.9.0.02\installed\include\freetype\internal\ftpic.h">
      <Filter>include\freetype\internal</Filter>
    </ClInclude>
    <ClInclude Include="..\..\..\..\EAWebKitSupportPackages\FreeType\local_2.9.0.02\installed\include\freetype\internal\ftpsprop.h">
      <Filter>include\freetype\internal</Filter>
    </ClInclude>
    <ClInclude Include="..\..\..\..\EAWebKitSupportPackages\FreeType\local_2.9.0.02\installed\include\freetype\internal\ftrfork.h">
      <Filter>include\freetype\internal</Filter>
    </ClInclude>
    <ClInclude Include="..\..\..\..\EAWebKitSupportPackages\FreeType\local_2.9.0.02\installed\include\freetype\internal\ftserv.h">
      <Filter>include\freetype\internal</Filter>
    </ClInclude>
    <ClInclude Include="..\..\..\..\EAWebKitSupportPackages\FreeType\local_2.9.0.02\installed\include\freetype\internal\ftstream.h">
      <Filter>include\freetype\internal</Filter>
    </ClInclude>
    <ClInclude Include="..\..\..\..\EAWebKitSupportPackages\FreeType\local_2.9.0.02\installed\include\freetype\internal\fttrace.h">
      <Filter>include\freetype\internal</Filter>
    </ClInclude>
    <ClInclude Include="..\..\..\..\EAWebKitSupportPackages\FreeType\local_2.9.0.02\installed\include\freetype\internal\ftvalid.h">
      <Filter>include\freetype\internal</Filter>
    </ClInclude>
    <ClInclude Include="..\..\..\..\EAWebKitSupportPackages\FreeType\local_2.9.0.02\installed\include\freetype\internal\internal.h">
      <Filter>include\freetype\internal</Filter>
    </ClInclude>
    <ClInclude Include="..\..\..\..\EAWebKitSupportPackages\FreeType\local_2.9.0.02\installed\include\freetype\internal\psaux.h">
      <Filter>include\freetype\internal</Filter>
    </ClInclude>
    <ClInclude Include="..\..\..\..\EAWebKitSupportPackages\FreeType\local_2.9.0.02\installed\include\freetype\internal\pshints.h">
      <Filter>include\freetype\internal</Filter>
    </ClInclude>
    <ClInclude Include="..\..\..\..\EAWebKitSupportPackages\FreeType\local_2.9.0.02\installed\include\freetype\internal\services\svbdf.h">
      <Filter>include\freetype\internal\services</Filter>
    </ClInclude>
    <ClInclude Include="..\..\..\..\EAWebKitSupportPackages\FreeType\local_2.9.0.02\installed\include\freetype\internal\services\svcfftl.h">
      <Filter>include\freetype\internal\services</Filter>
    </ClInclude>
    <ClInclude Include="..\..\..\..\EAWebKitSupportPackages\FreeType\local_2.9.0.02\installed\include\freetype\internal\services\svcid.h">
      <Filter>include\freetype\internal\services</Filter>
    </ClInclude>
    <ClInclude Include="..\..\..\..\EAWebKitSupportPackages\FreeType\local_2.9.0.02\installed\include\freetype\internal\services\svfntfmt.h">
      <Filter>include\freetype\internal\services</Filter>
    </ClInclude>
    <ClInclude Include="..\..\..\..\EAWebKitSupportPackages\FreeType\local_2.9.0.02\installed\include\freetype\internal\services\svgldict.h">
      <Filter>include\freetype\internal\services</Filter>
    </ClInclude>
    <ClInclude Include="..\..\..\..\EAWebKitSupportPackages\FreeType\local_2.9.0.02\installed\include\freetype\internal\services\svgxval.h">
      <Filter>include\freetype\internal\services</Filter>
    </ClInclude>
    <ClInclude Include="..\..\..\..\EAWebKitSupportPackages\FreeType\local_2.9.0.02\installed\include\freetype\internal\services\svkern.h">
      <Filter>include\freetype\internal\services</Filter>
    </ClInclude>
    <ClInclude Include="..\..\..\..\EAWebKitSupportPackages\FreeType\local_2.9.0.02\installed\include\freetype\internal\services\svmetric.h">
      <Filter>include\freetype\internal\services</Filter>
    </ClInclude>
    <ClInclude Include="..\..\..\..\EAWebKitSupportPackages\FreeType\local_2.9.0.02\installed\include\freetype\internal\services\svmm.h">
      <Filter>include\freetype\internal\services</Filter>
    </ClInclude>
    <ClInclude Include="..\..\..\..\EAWebKitSupportPackages\FreeType\local_2.9.0.02\installed\include\freetype\internal\services\svotval.h">
      <Filter>include\freetype\internal\services</Filter>
    </ClInclude>
    <ClInclude Include="..\..\..\..\EAWebKitSupportPackages\FreeType\local_2.9.0.02\installed\include\freetype\internal\services\svpfr.h">
      <Filter>include\freetype\internal\services</Filter>
    </ClInclude>
    <ClInclude Include="..\..\..\..\EAWebKitSupportPackages\FreeType\local_2.9.0.02\installed\include\freetype\internal\services\svpostnm.h">
      <Filter>include\freetype\internal\services</Filter>
    </ClInclude>
    <ClInclude Include="..\..\..\..\EAWebKitSupportPackages\FreeType\local_2.9.0.02\installed\include\freetype\internal\services\svprop.h">
      <Filter>include\freetype\internal\services</Filter>
    </ClInclude>
    <ClInclude Include="..\..\..\..\EAWebKitSupportPackages\FreeType\local_2.9.0.02\installed\include\freetype\internal\services\svpscmap.h">
      <Filter>include\freetype\internal\services</Filter>
    </ClInclude>
    <ClInclude Include="..\..\..\..\EAWebKitSupportPackages\FreeType\local_2.9.0.02\installed\include\freetype\internal\services\svpsinfo.h">
      <Filter>include\freetype\internal\services</Filter>
    </ClInclude>
    <ClInclude Include="..\..\..\..\EAWebKitSupportPackages\FreeType\local_2.9.0.02\installed\include\freetype\internal\services\svsfnt.h">
      <Filter>include\freetype\internal\services</Filter>
    </ClInclude>
    <ClInclude Include="..\..\..\..\EAWebKitSupportPackages\FreeType\local_2.9.0.02\installed\include\freetype\internal\services\svttcmap.h">
      <Filter>include\freetype\internal\services</Filter>
    </ClInclude>
    <ClInclude Include="..\..\..\..\EAWebKitSupportPackages\FreeType\local_2.9.0.02\installed\include\freetype\internal\services\svtteng.h">
      <Filter>include\freetype\internal\services</Filter>
    </ClInclude>
    <ClInclude Include="..\..\..\..\EAWebKitSupportPackages\FreeType\local_2.9.0.02\installed\include\freetype\internal\services\svttglyf.h">
      <Filter>include\freetype\internal\services</Filter>
    </ClInclude>
    <ClInclude Include="..\..\..\..\EAWebKitSupportPackages\FreeType\local_2.9.0.02\installed\include\freetype\internal\services\svwinfnt.h">
      <Filter>include\freetype\internal\services</Filter>
    </ClInclude>
    <ClInclude Include="..\..\..\..\EAWebKitSupportPackages\FreeType\local_2.9.0.02\installed\include\freetype\internal\sfnt.h">
      <Filter>include\freetype\internal</Filter>
    </ClInclude>
    <ClInclude Include="..\..\..\..\EAWebKitSupportPackages\FreeType\local_2.9.0.02\installed\include\freetype\internal\t1types.h">
      <Filter>include\freetype\internal</Filter>
    </ClInclude>
    <ClInclude Include="..\..\..\..\EAWebKitSupportPackages\FreeType\local_2.9.0.02\installed\include\freetype\internal\tttypes.h">
      <Filter>include\freetype\internal</Filter>
    </ClInclude>
    <ClInclude Include="..\..\..\..\EAWebKitSupportPackages\FreeType\local_2.9.0.02\installed\include\freetype\t1tables.h">
      <Filter>include\freetype</Filter>
    </ClInclude>
    <ClInclude Include="..\..\..\..\EAWebKitSupportPackages\FreeType\local_2.9.0.02\installed\include\freetype\ttnameid.h">
      <Filter>include\freetype</Filter>
    </ClInclude>
    <ClInclude Include="..\..\..\..\EAWebKitSupportPackages\FreeType\local_2.9.0.02\installed\include\freetype\tttables.h">
      <Filter>include\freetype</Filter>
    </ClInclude>
    <ClInclude Include="..\..\..\..\EAWebKitSupportPackages\FreeType\local_2.9.0.02\installed\include\freetype\tttags.h">
      <Filter>include\freetype</Filter>
    </ClInclude>
    <ClInclude Include="..\..\..\..\EAWebKitSupportPackages\FreeType\local_2.9.0.02\installed\include\ft2build.h">
      <Filter>include</Filter>
    </ClInclude>
  </ItemGroup>
  <ItemGroup>
    <ClCompile Include="..\..\..\..\EAWebKitSupportPackages\FreeType\local_2.9.0.02\installed\src\autofit\autofit.c">
      <Filter>src\autofit</Filter>
    </ClCompile>
    <ClCompile Include="..\..\..\..\EAWebKitSupportPackages\FreeType\local_2.9.0.02\installed\src\base\ftbase.c">
      <Filter>src\base</Filter>
    </ClCompile>
    <ClCompile Include="..\..\..\..\EAWebKitSupportPackages\FreeType\local_2.9.0.02\installed\src\base\ftbbox.c">
      <Filter>src\base</Filter>
    </ClCompile>
    <ClCompile Include="..\..\..\..\EAWebKitSupportPackages\FreeType\local_2.9.0.02\installed\src\base\ftbitmap.c">
      <Filter>src\base</Filter>
    </ClCompile>
    <ClCompile Include="..\..\..\..\EAWebKitSupportPackages\FreeType\local_2.9.0.02\installed\src\base\ftdebug.c">
      <Filter>src\base</Filter>
    </ClCompile>
    <ClCompile Include="..\..\..\..\EAWebKitSupportPackages\FreeType\local_2.9.0.02\installed\src\base\ftfntfmt.c">
      <Filter>src\base</Filter>
    </ClCompile>
    <ClCompile Include="..\..\..\..\EAWebKitSupportPackages\FreeType\local_2.9.0.02\installed\src\base\ftfstype.c">
      <Filter>src\base</Filter>
    </ClCompile>
    <ClCompile Include="..\..\..\..\EAWebKitSupportPackages\FreeType\local_2.9.0.02\installed\src\base\ftgasp.c">
      <Filter>src\base</Filter>
    </ClCompile>
    <ClCompile Include="..\..\..\..\EAWebKitSupportPackages\FreeType\local_2.9.0.02\installed\src\base\ftglyph.c">
      <Filter>src\base</Filter>
    </ClCompile>
    <ClCompile Include="..\..\..\..\EAWebKitSupportPackages\FreeType\local_2.9.0.02\installed\src\base\ftinit.c">
      <Filter>src\base</Filter>
    </ClCompile>
    <ClCompile Include="..\..\..\..\EAWebKitSupportPackages\FreeType\local_2.9.0.02\installed\src\base\ftlcdfil.c">
      <Filter>src\base</Filter>
    </ClCompile>
    <ClCompile Include="..\..\..\..\EAWebKitSupportPackages\FreeType\local_2.9.0.02\installed\src\base\ftmm.c">
      <Filter>src\base</Filter>
    </ClCompile>
    <ClCompile Include="..\..\..\..\EAWebKitSupportPackages\FreeType\local_2.9.0.02\installed\src\base\ftpfr.c">
      <Filter>src\base</Filter>
    </ClCompile>
    <ClCompile Include="..\..\..\..\EAWebKitSupportPackages\FreeType\local_2.9.0.02\installed\src\base\ftstroke.c">
      <Filter>src\base</Filter>
    </ClCompile>
    <ClCompile Include="..\..\..\..\EAWebKitSupportPackages\FreeType\local_2.9.0.02\installed\src\base\ftsynth.c">
      <Filter>src\base</Filter>
    </ClCompile>
    <ClCompile Include="..\..\..\..\EAWebKitSupportPackages\FreeType\local_2.9.0.02\installed\src\base\ftsystem.c">
      <Filter>src\base</Filter>
    </ClCompile>
    <ClCompile Include="..\..\..\..\EAWebKitSupportPackages\FreeType\local_2.9.0.02\installed\src\base\fttype1.c">
      <Filter>src\base</Filter>
    </ClCompile>
    <ClCompile Include="..\..\..\..\EAWebKitSupportPackages\FreeType\local_2.9.0.02\installed\src\base\ftwinfnt.c">
      <Filter>src\base</Filter>
    </ClCompile>
    <ClCompile Include="..\..\..\..\EAWebKitSupportPackages\FreeType\local_2.9.0.02\installed\src\bdf\bdf.c">
      <Filter>src\bdf</Filter>
    </ClCompile>
    <ClCompile Include="..\..\..\..\EAWebKitSupportPackages\FreeType\local_2.9.0.02\installed\src\cache\ftcache.c">
      <Filter>src\cache</Filter>
    </ClCompile>
    <ClCompile Include="..\..\..\..\EAWebKitSupportPackages\FreeType\local_2.9.0.02\installed\src\cff\cff.c">
      <Filter>src\cff</Filter>
    </ClCompile>
    <ClCompile Include="..\..\..\..\EAWebKitSupportPackages\FreeType\local_2.9.0.02\installed\src\cid\type1cid.c">
      <Filter>src\cid</Filter>
    </ClCompile>
    <ClCompile Include="..\..\..\..\EAWebKitSupportPackages\FreeType\local_2.9.0.02\installed\src\gzip\ftgzip.c">
      <Filter>src\gzip</Filter>
    </ClCompile>
    <ClCompile Include="..\..\..\..\EAWebKitSupportPackages\FreeType\local_2.9.0.02\installed\src\lzw\ftlzw.c">
      <Filter>src\lzw</Filter>
    </ClCompile>
    <ClCompile Include="..\..\..\..\EAWebKitSupportPackages\FreeType\local_2.9.0.02\installed\src\pcf\pcf.c">
      <Filter>src\pcf</Filter>
    </ClCompile>
    <ClCompile Include="..\..\..\..\EAWebKitSupportPackages\FreeType\local_2.9.0.02\installed\src\pfr\pfr.c">
      <Filter>src\pfr</Filter>
    </ClCompile>
    <ClCompile Include="..\..\..\..\EAWebKitSupportPackages\FreeType\local_2.9.0.02\installed\src\psaux\psaux.c">
      <Filter>src\psaux</Filter>
    </ClCompile>
    <ClCompile Include="..\..\..\..\EAWebKitSupportPackages\FreeType\local_2.9.0.02\installed\src\pshinter\pshinter.c">
      <Filter>src\pshinter</Filter>
    </ClCompile>
    <ClCompile Include="..\..\..\..\EAWebKitSupportPackages\FreeType\local_2.9.0.02\installed\src\psnames\psmodule.c">
      <Filter>src\psnames</Filter>
    </ClCompile>
    <ClCompile Include="..\..\..\..\EAWebKitSupportPackages\FreeType\local_2.9.0.02\installed\src\raster\raster.c">
      <Filter>src\raster</Filter>
    </ClCompile>
    <ClCompile Include="..\..\..\..\EAWebKitSupportPackages\FreeType\local_2.9.0.02\installed\src\sfnt\sfnt.c">
      <Filter>src\sfnt</Filter>
    </ClCompile>
    <ClCompile Include="..\..\..\..\EAWebKitSupportPackages\FreeType\local_2.9.0.02\installed\src\smooth\smooth.c">
      <Filter>src\smooth</Filter>
    </ClCompile>
    <ClCompile Include="..\..\..\..\EAWebKitSupportPackages\FreeType\local_2.9.0.02\installed\src\truetype\truetype.c">
      <Filter>src\truetype</Filter>
    </ClCompile>
    <ClCompile Include="..\..\..\..\EAWebKitSupportPackages\FreeType\local_2.9.0.02\installed\src\type1\type1.c">
      <Filter>src\type1</Filter>
    </ClCompile>
    <ClCompile Include="..\..\..\..\EAWebKitSupportPackages\FreeType\local_2.9.0.02\installed\src\type42\type42.c">
      <Filter>src\type42</Filter>
    </ClCompile>
    <ClCompile Include="..\..\..\..\EAWebKitSupportPackages\FreeType\local_2.9.0.02\installed\src\winfonts\winfnt.c">
      <Filter>src\winfonts</Filter>
    </ClCompile>
  </ItemGroup>
</Project>