<?xml version="1.0" encoding="utf-8"?>
<Project ToolsVersion="4.0" xmlns="http://schemas.microsoft.com/developer/msbuild/2003">
  <ItemGroup>
    <Filter Include="include">
      <UniqueIdentifier>{0FEB36D4-DED9-B510-4A82-8CE6435F7E81}</UniqueIdentifier>
    </Filter>
    <Filter Include="include\EAAssert">
      <UniqueIdentifier>{25B55735-D1A7-7F64-DF0E-038E246A301B}</UniqueIdentifier>
    </Filter>
    <Filter Include="source">
      <UniqueIdentifier>{F438CD36-9A9B-08FA-222C-0DC9EBFE35EB}</UniqueIdentifier>
    </Filter>
  </ItemGroup>
  <ItemGroup>
    <ClInclude Include="C:\work\15.1.1.1.0\EAWebKitSupportPackages\EAAssertEAWebKit\local-1.03.04-01\include\EAAssert\eaassert.h">
      <Filter>include\EAAssert</Filter>
    </ClInclude>
  </ItemGroup>
  <ItemGroup>
    <ClCompile Include="C:\work\15.1.1.1.0\EAWebKitSupportPackages\EAAssertEAWebKit\local-1.03.04-01\source\eaassert.cpp">
      <Filter>source</Filter>
    </ClCompile>
  </ItemGroup>
</Project>